<?xml version="1.0" encoding="utf-8"?>
<Project ToolsVersion="4.0" xmlns="http://schemas.microsoft.com/developer/msbuild/2003">
  <ItemGroup>
    <Filter Include="DSQL files">
      <UniqueIdentifier>{d911ffe4-50be-41da-8173-5ad71e0c54c7}</UniqueIdentifier>
      <Extensions>cpp;c;cxx;rc;def;r;odl;idl;hpj;bat</Extensions>
    </Filter>
    <Filter Include="DSQL files\epp files">
      <UniqueIdentifier>{8479b7e7-4bea-45a7-b0fe-cbd2315c1807}</UniqueIdentifier>
      <Extensions>epp</Extensions>
    </Filter>
    <Filter Include="DSQL files\Generated files">
      <UniqueIdentifier>{76bf2621-3e26-4585-97aa-2b5327e6c42a}</UniqueIdentifier>
    </Filter>
    <Filter Include="GPRE files">
      <UniqueIdentifier>{bcf98f9f-9ced-45de-b8bf-7a52bdbbdc77}</UniqueIdentifier>
      <Extensions>c</Extensions>
    </Filter>
    <Filter Include="Header files">
      <UniqueIdentifier>{571c2b1e-05a7-4f75-bd4c-d5fac4ff80a3}</UniqueIdentifier>
      <Extensions>h;hpp;hxx;hm;inl</Extensions>
    </Filter>
  </ItemGroup>
  <ItemGroup>
    <ClCompile Include="..\..\..\src\dsql\AggNodes.cpp">
      <Filter>DSQL files</Filter>
    </ClCompile>
    <ClCompile Include="..\..\..\src\dsql\BlrWriter.cpp">
      <Filter>DSQL files</Filter>
    </ClCompile>
    <ClCompile Include="..\..\..\src\dsql\ddl.cpp">
      <Filter>DSQL files</Filter>
    </ClCompile>
    <ClCompile Include="..\..\..\src\dsql\dsql.cpp">
      <Filter>DSQL files</Filter>
    </ClCompile>
    <ClCompile Include="..\..\..\src\dsql\DsqlCompilerScratch.cpp">
      <Filter>DSQL files</Filter>
    </ClCompile>
    <ClCompile Include="..\..\..\src\dsql\DSqlDataTypeUtil.cpp">
      <Filter>DSQL files</Filter>
    </ClCompile>
    <ClCompile Include="..\..\..\src\dsql\errd.cpp">
      <Filter>DSQL files</Filter>
    </ClCompile>
    <ClCompile Include="..\..\..\src\dsql\ExprNodes.cpp">
      <Filter>DSQL files</Filter>
    </ClCompile>
    <ClCompile Include="..\..\..\src\dsql\gen.cpp">
      <Filter>DSQL files</Filter>
    </ClCompile>
    <ClCompile Include="..\..\..\src\dsql\hsh.cpp">
      <Filter>DSQL files</Filter>
    </ClCompile>
    <ClCompile Include="..\..\..\src\dsql\keywords.cpp">
      <Filter>DSQL files</Filter>
    </ClCompile>
    <ClCompile Include="..\..\..\src\dsql\make.cpp">
      <Filter>DSQL files</Filter>
    </ClCompile>
    <ClCompile Include="..\..\..\src\dsql\movd.cpp">
      <Filter>DSQL files</Filter>
    </ClCompile>
    <ClCompile Include="..\..\..\src\dsql\parse.cpp">
      <Filter>DSQL files</Filter>
    </ClCompile>
    <ClCompile Include="..\..\..\src\dsql\Parser.cpp">
      <Filter>DSQL files</Filter>
    </ClCompile>
    <ClCompile Include="..\..\..\src\dsql\pass1.cpp">
      <Filter>DSQL files</Filter>
    </ClCompile>
    <ClCompile Include="..\..\..\src\dsql\preparse.cpp">
      <Filter>DSQL files</Filter>
    </ClCompile>
    <ClCompile Include="..\..\..\src\dsql\StmtNodes.cpp">
      <Filter>DSQL files</Filter>
    </ClCompile>
    <ClCompile Include="..\..\..\src\dsql\user_dsql.cpp">
      <Filter>DSQL files</Filter>
    </ClCompile>
    <ClCompile Include="..\..\..\src\dsql\utld.cpp">
      <Filter>DSQL files</Filter>
    </ClCompile>
    <ClCompile Include="..\..\..\src\dsql\WinNodes.cpp">
      <Filter>DSQL files</Filter>
    </ClCompile>
    <ClCompile Include="..\..\..\gen\$(Platform)\dsql\array.cpp">
      <Filter>DSQL files\Generated files</Filter>
    </ClCompile>
    <ClCompile Include="..\..\..\gen\$(Platform)\dsql\blob.cpp">
      <Filter>DSQL files\Generated files</Filter>
    </ClCompile>
    <ClCompile Include="..\..\..\gen\$(Platform)\dsql\DdlNodes.cpp">
      <Filter>DSQL files\Generated files</Filter>
    </ClCompile>
    <ClCompile Include="..\..\..\gen\$(Platform)\dsql\metd.cpp">
      <Filter>DSQL files\Generated files</Filter>
    </ClCompile>
    <ClCompile Include="..\..\..\gen\$(Platform)\dsql\PackageNodes.cpp">
      <Filter>DSQL files\Generated files</Filter>
    </ClCompile>
    <ClCompile Include="..\..\..\src\gpre\pretty.cpp">
      <Filter>GPRE files</Filter>
    </ClCompile>
  </ItemGroup>
  <ItemGroup>
    <None Include="..\..\..\src\dsql\array.epp">
      <Filter>DSQL files\epp files</Filter>
    </None>
    <None Include="..\..\..\src\dsql\blob.epp">
      <Filter>DSQL files\epp files</Filter>
    </None>
    <None Include="..\..\..\src\dsql\DdlNodes.epp">
      <Filter>DSQL files\epp files</Filter>
    </None>
    <None Include="..\..\..\src\dsql\metd.epp">
      <Filter>DSQL files\epp files</Filter>
    </None>
    <None Include="..\..\..\src\dsql\PackageNodes.epp">
      <Filter>DSQL files\epp files</Filter>
    </None>
    <None Include="..\..\..\src\dsql\parse.y" />
  </ItemGroup>
  <ItemGroup>
    <ClInclude Include="..\..\..\src\dsql\AggNodes.h">
      <Filter>Header files</Filter>
    </ClInclude>
    <ClInclude Include="..\..\..\src\dsql\array_proto.h">
      <Filter>Header files</Filter>
    </ClInclude>
    <ClInclude Include="..\..\..\src\dsql\blob_proto.h">
      <Filter>Header files</Filter>
    </ClInclude>
    <ClInclude Include="..\..\..\src\dsql\BlrWriter.h">
      <Filter>Header files</Filter>
    </ClInclude>
    <ClInclude Include="..\..\..\src\dsql\chars.h">
      <Filter>Header files</Filter>
    </ClInclude>
    <ClInclude Include="..\..\..\src\dsql\ddl_proto.h">
      <Filter>Header files</Filter>
    </ClInclude>
    <ClInclude Include="..\..\..\src\dsql\DdlNodes.h">
      <Filter>Header files</Filter>
    </ClInclude>
    <ClInclude Include="..\..\..\src\dsql\dsql.h">
      <Filter>Header files</Filter>
    </ClInclude>
    <ClInclude Include="..\..\..\src\dsql\dsql_proto.h">
      <Filter>Header files</Filter>
    </ClInclude>
    <ClInclude Include="..\..\..\src\dsql\DsqlCompilerScratch.h">
      <Filter>Header files</Filter>
    </ClInclude>
    <ClInclude Include="..\..\..\src\dsql\DSqlDataTypeUtil.h">
      <Filter>Header files</Filter>
    </ClInclude>
    <ClInclude Include="..\..\..\src\dsql\errd_proto.h">
      <Filter>Header files</Filter>
    </ClInclude>
    <ClInclude Include="..\..\..\src\dsql\ExprNodes.h">
      <Filter>Header files</Filter>
    </ClInclude>
    <ClInclude Include="..\..\..\src\dsql\gen_proto.h">
      <Filter>Header files</Filter>
    </ClInclude>
    <ClInclude Include="..\..\..\src\dsql\hsh_proto.h">
      <Filter>Header files</Filter>
    </ClInclude>
    <ClInclude Include="..\..\..\src\dsql\keywords.h">
      <Filter>Header files</Filter>
    </ClInclude>
    <ClInclude Include="..\..\..\src\dsql\make_proto.h">
      <Filter>Header files</Filter>
    </ClInclude>
    <ClInclude Include="..\..\..\src\dsql\metd_proto.h">
      <Filter>Header files</Filter>
    </ClInclude>
    <ClInclude Include="..\..\..\src\dsql\movd_proto.h">
      <Filter>Header files</Filter>
    </ClInclude>
    <ClInclude Include="..\..\..\src\dsql\node.h">
      <Filter>Header files</Filter>
    </ClInclude>
    <ClInclude Include="..\..\..\src\dsql\Nodes.h">
      <Filter>Header files</Filter>
    </ClInclude>
    <ClInclude Include="..\..\..\src\dsql\PackageNodes.h">
      <Filter>Header files</Filter>
    </ClInclude>
    <ClInclude Include="..\..\..\src\dsql\parse_proto.h">
      <Filter>Header files</Filter>
    </ClInclude>
    <ClInclude Include="..\..\..\src\dsql\Parser.h">
      <Filter>Header files</Filter>
    </ClInclude>
    <ClInclude Include="..\..\..\src\dsql\pass1_proto.h">
      <Filter>Header files</Filter>
    </ClInclude>
    <ClInclude Include="..\..\..\src\dsql\prepa_proto.h">
      <Filter>Header files</Filter>
    </ClInclude>
    <ClInclude Include="..\..\..\src\dsql\sqlda.h">
      <Filter>Header files</Filter>
    </ClInclude>
    <ClInclude Include="..\..\..\src\dsql\StmtNodes.h">
      <Filter>Header files</Filter>
    </ClInclude>
    <ClInclude Include="..\..\..\src\dsql\sym.h">
      <Filter>Header files</Filter>
    </ClInclude>
    <ClInclude Include="..\..\..\src\dsql\user__proto.h">
      <Filter>Header files</Filter>
    </ClInclude>
    <ClInclude Include="..\..\..\src\dsql\utld_proto.h">
      <Filter>Header files</Filter>
    </ClInclude>
    <ClInclude Include="..\..\..\src\dsql\Visitors.h">
      <Filter>Header files</Filter>
    </ClInclude>
    <ClInclude Include="..\..\..\src\dsql\WinNodes.h">
      <Filter>Header files</Filter>
    </ClInclude>
  </ItemGroup>
</Project>
