<?xml version="1.0" encoding="utf-8"?>
<Project ToolsVersion="4.0" xmlns="http://schemas.microsoft.com/developer/msbuild/2003">
  <ItemGroup>
    <Filter Include="AUTH files">
      <UniqueIdentifier>{2343e620-c8ee-4202-b2b5-8d3462f02f74}</UniqueIdentifier>
    </Filter>
    <Filter Include="Resource files">
      <UniqueIdentifier>{4af5b667-81f4-470d-9fa2-ef0ab6cfdff3}</UniqueIdentifier>
      <Extensions>ico;cur;bmp;dlg;rc2;rct;bin;rgs;gif;jpg;jpeg;jpe</Extensions>
    </Filter>
    <Filter Include="REMOTE files">
      <UniqueIdentifier>{6e27505b-0eda-4a76-8bfd-6f4e74348cb8}</UniqueIdentifier>
    </Filter>
    <Filter Include="UTILITIES files">
      <UniqueIdentifier>{e3ab9b3f-6de7-483e-967b-336c0f215820}</UniqueIdentifier>
    </Filter>
  </ItemGroup>
  <ItemGroup>
    <ClCompile Include="..\..\..\src\jrd\pwd.cpp">
      <Filter>AUTH files</Filter>
    </ClCompile>
    <ClCompile Include="..\..\..\src\remote\os\win32\chop.cpp">
      <Filter>REMOTE files</Filter>
    </ClCompile>
    <ClCompile Include="..\..\..\src\remote\os\win32\cntl.cpp">
      <Filter>REMOTE files</Filter>
    </ClCompile>
    <ClCompile Include="..\..\..\src\remote\os\win32\property.cpp">
      <Filter>REMOTE files</Filter>
    </ClCompile>
    <ClCompile Include="..\..\..\src\remote\server.cpp">
      <Filter>REMOTE files</Filter>
    </ClCompile>
    <ClCompile Include="..\..\..\src\remote\os\win32\srvr_w32.cpp">
      <Filter>REMOTE files</Filter>
    </ClCompile>
    <ClCompile Include="..\..\..\src\remote\os\win32\window.cpp">
      <Filter>REMOTE files</Filter>
    </ClCompile>
    <ClCompile Include="..\..\..\src\utilities\gsec\call_service.cpp">
      <Filter>UTILITIES files</Filter>
    </ClCompile>
    <ClCompile Include="..\..\..\gen\$(Platform)\utilities\gstat\dba.cpp">
      <Filter>UTILITIES files</Filter>
    </ClCompile>
    <ClCompile Include="..\..\..\gen\$(Platform)\auth\SecurityDatabase\LegacyManagement.cpp">
      <Filter>UTILITIES files</Filter>
    </ClCompile>
    <ClCompile Include="..\..\..\src\utilities\gsec\gsec.cpp">
      <Filter>UTILITIES files</Filter>
    </ClCompile>
    <ClCompile Include="..\..\..\src\utilities\nbackup.cpp">
      <Filter>UTILITIES files</Filter>
    </ClCompile>
    <ClCompile Include="..\..\..\src\utilities\nbackup\nbkMain.cpp">
      <Filter>UTILITIES files</Filter>
    </ClCompile>
    <ClCompile Include="..\..\..\src\utilities\gstat\ppg.cpp">
      <Filter>UTILITIES files</Filter>
    </ClCompile>
    <ClCompile Include="..\..\..\src\utilities\gsec\security.cpp">
      <Filter>UTILITIES files</Filter>
    </ClCompile>
    <ClCompile Include="..\..\..\src\jrd\trace\TraceCmdLine.cpp">
      <Filter>UTILITIES files</Filter>
    </ClCompile>
    <ClCompile Include="..\..\..\src\jrd\trace\TraceService.cpp">
      <Filter>UTILITIES files</Filter>
    </ClCompile>
  </ItemGroup>
  <ItemGroup>
    <None Include="..\..\..\src\remote\os\win32\caution.ico">
      <Filter>Resource files</Filter>
    </None>
    <None Include="..\..\..\src\remote\os\win32\server.ico">
      <Filter>Resource files</Filter>
    </None>
  </ItemGroup>
  <ItemGroup>
    <ResourceCompile Include="..\..\..\src\remote\os\win32\window.rc">
      <Filter>Resource files</Filter>
    </ResourceCompile>
  </ItemGroup>
</Project>