<?xml version="1.0" encoding="utf-8"?>
<Project ToolsVersion="4.0" xmlns="http://schemas.microsoft.com/developer/msbuild/2003">
  <ItemGroup>
    <Filter Include="BURP files">
      <UniqueIdentifier>{dc6a0003-5187-4334-bb97-7c3054d3007f}</UniqueIdentifier>
      <Extensions>cpp;c;cxx;rc;def;r;odl;idl;hpj;bat</Extensions>
    </Filter>
    <Filter Include="BURP files\epp files">
      <UniqueIdentifier>{bb540560-a65e-4eb7-91be-e931d1b0023e}</UniqueIdentifier>
      <Extensions>epp</Extensions>
    </Filter>
    <Filter Include="BURP files\Generated files">
      <UniqueIdentifier>{a2b091b3-57ef-4f47-abae-67dd175f1e35}</UniqueIdentifier>
    </Filter>
    <Filter Include="JRD files">
      <UniqueIdentifier>{e6c655eb-75b5-4ade-9c3f-86769716938c}</UniqueIdentifier>
    </Filter>
    <Filter Include="REMOTE files">
      <UniqueIdentifier>{0aac1cdf-4699-46b5-ba83-2685839467ae}</UniqueIdentifier>
    </Filter>
    <Filter Include="Header files">
      <UniqueIdentifier>{cef9f9cb-51e9-46dd-820f-a136c14da5a2}</UniqueIdentifier>
      <Extensions>h;hpp;hxx;hm;inl</Extensions>
    </Filter>
    <Filter Include="Resource files">
      <UniqueIdentifier>{77137e05-f023-41ce-a069-10f79775c92c}</UniqueIdentifier>
    </Filter>
  </ItemGroup>
  <ItemGroup>
    <ClCompile Include="..\..\..\src\burp\burp.cpp">
      <Filter>BURP files</Filter>
    </ClCompile>
    <ClCompile Include="..\..\..\src\burp\burpMain.cpp">
      <Filter>BURP files</Filter>
    </ClCompile>
    <ClCompile Include="..\..\..\src\burp\canonical.cpp">
      <Filter>BURP files</Filter>
    </ClCompile>
    <ClCompile Include="..\..\..\src\burp\misc.cpp">
      <Filter>BURP files</Filter>
    </ClCompile>
    <ClCompile Include="..\..\..\src\burp\mvol.cpp">
      <Filter>BURP files</Filter>
    </ClCompile>
    <ClCompile Include="..\..\..\gen\$(Platform)\burp\backup.cpp">
      <Filter>BURP files\Generated files</Filter>
    </ClCompile>
    <ClCompile Include="..\..\..\gen\$(Platform)\burp\OdsDetection.cpp">
      <Filter>BURP files\Generated files</Filter>
    </ClCompile>
    <ClCompile Include="..\..\..\gen\$(Platform)\burp\restore.cpp">
      <Filter>BURP files\Generated files</Filter>
    </ClCompile>
    <ClCompile Include="..\..\..\src\jrd\sdl.cpp">
      <Filter>JRD files</Filter>
    </ClCompile>
    <ClCompile Include="..\..\..\src\jrd\ThreadData.cpp">
      <Filter>JRD files</Filter>
    </ClCompile>
    <ClCompile Include="..\..\..\src\remote\xdr.cpp">
      <Filter>REMOTE files</Filter>
    </ClCompile>
  </ItemGroup>
  <ItemGroup>
    <None Include="..\..\..\src\burp\backup.epp">
      <Filter>BURP files\epp files</Filter>
    </None>
    <None Include="..\..\..\src\burp\OdsDetection.epp">
      <Filter>BURP files\epp files</Filter>
    </None>
    <None Include="..\..\..\src\burp\restore.epp">
      <Filter>BURP files\epp files</Filter>
    </None>
  </ItemGroup>
  <ItemGroup>
    <ClInclude Include="..\..\..\src\jrd\sdl.h">
      <Filter>JRD files</Filter>
    </ClInclude>
    <ClInclude Include="..\..\..\src\jrd\sdl_proto.h">
      <Filter>JRD files</Filter>
    </ClInclude>
    <ClInclude Include="..\..\..\src\burp\backu_proto.h">
      <Filter>Header files</Filter>
    </ClInclude>
    <ClInclude Include="..\..\..\src\burp\burp.h">
      <Filter>Header files</Filter>
    </ClInclude>
    <ClInclude Include="..\..\..\src\burp\burp_proto.h">
      <Filter>Header files</Filter>
    </ClInclude>
    <ClInclude Include="..\..\..\src\burp\burpswi.h">
      <Filter>Header files</Filter>
    </ClInclude>
    <ClInclude Include="..\..\..\src\burp\canon_proto.h">
      <Filter>Header files</Filter>
    </ClInclude>
    <ClInclude Include="..\..\..\src\burp\misc_proto.h">
      <Filter>Header files</Filter>
    </ClInclude>
    <ClInclude Include="..\..\..\src\burp\mvol_proto.h">
      <Filter>Header files</Filter>
    </ClInclude>
    <ClInclude Include="..\..\..\src\burp\OdsDetection.h">
      <Filter>Header files</Filter>
    </ClInclude>
    <ClInclude Include="..\..\..\src\burp\resto_proto.h">
      <Filter>Header files</Filter>
    </ClInclude>
  </ItemGroup>
  <ItemGroup>
    <ResourceCompile Include="..\..\..\src\jrd\version.rc">
      <Filter>Resource files</Filter>
    </ResourceCompile>
  </ItemGroup>
</Project>