<?xml version="1.0" encoding="utf-8"?>
<Project ToolsVersion="4.0" xmlns="http://schemas.microsoft.com/developer/msbuild/2003">
  <ItemGroup>
    <Filter Include="BURP files">
      <UniqueIdentifier>{61b6181a-cafd-463f-91d6-cf9341064f19}</UniqueIdentifier>
      <Extensions>cpp;c;cxx;rc;def;r;odl;idl;hpj;bat</Extensions>
    </Filter>
    <Filter Include="Header files">
      <UniqueIdentifier>{7d098c02-ec7d-4119-83de-2e08553dab14}</UniqueIdentifier>
      <Extensions>h;hpp;hxx;hm;inl</Extensions>
    </Filter>
    <Filter Include="Resource files">
      <UniqueIdentifier>{c31574e3-ec81-43e9-9e68-b4fe5340cef5}</UniqueIdentifier>
    </Filter>
    <Filter Include="COMMON files">
      <UniqueIdentifier>{ea095bd7-5274-4488-9784-c06776c4f741}</UniqueIdentifier>
    </Filter>
    <Filter Include="JRD files">
      <UniqueIdentifier>{71bd2275-a5fc-4d31-8dce-884a40997b1d}</UniqueIdentifier>
    </Filter>
  </ItemGroup>
  <ItemGroup>
    <ClCompile Include="..\..\..\src\burp\spit.cpp">
      <Filter>BURP files</Filter>
    </ClCompile>
    <ClCompile Include="..\..\..\src\common\classes\alloc.cpp">
      <Filter>COMMON files</Filter>
    </ClCompile>
    <ClCompile Include="..\..\..\src\common\fb_exception.cpp">
      <Filter>COMMON files</Filter>
    </ClCompile>
    <ClCompile Include="..\..\..\src\jrd\gds.cpp">
      <Filter>JRD files</Filter>
    </ClCompile>
    <ClCompile Include="..\..\..\src\jrd\isc.cpp">
      <Filter>JRD files</Filter>
    </ClCompile>
    <ClCompile Include="..\..\..\src\jrd\os\win32\os_utils.cpp">
      <Filter>JRD files</Filter>
    </ClCompile>
  </ItemGroup>
  <ItemGroup>
    <ClInclude Include="..\..\..\src\burp\burpswi.h">
      <Filter>Header files</Filter>
    </ClInclude>
    <ClInclude Include="..\..\..\src\burp\spit.h">
      <Filter>Header files</Filter>
    </ClInclude>
  </ItemGroup>
  <ItemGroup>
    <ResourceCompile Include="..\..\..\src\jrd\version.rc">
      <Filter>Resource files</Filter>
    </ResourceCompile>
  </ItemGroup>
</Project>