<?xml version="1.0" encoding="utf-8"?>
<Project ToolsVersion="4.0" xmlns="http://schemas.microsoft.com/developer/msbuild/2003">
  <ItemGroup>
    <Filter Include="LOCK files">
      <UniqueIdentifier>{4cc92623-1af4-4910-9d6a-5aa2dfdfba03}</UniqueIdentifier>
      <Extensions>cpp;c;cxx;rc;def;r;odl;idl;hpj;bat</Extensions>
    </Filter>
    <Filter Include="Header files">
      <UniqueIdentifier>{b503fd1d-a27a-4c9f-8865-2f46f4ad9cbb}</UniqueIdentifier>
      <Extensions>h;hpp;hxx;hm;inl</Extensions>
    </Filter>
  </ItemGroup>
  <ItemGroup>
    <ClCompile Include="..\..\..\src\lock\lock.cpp">
      <Filter>LOCK files</Filter>
    </ClCompile>
  </ItemGroup>
  <ItemGroup>
    <ClInclude Include="..\..\..\src\lock\lock_proto.h">
      <Filter>Header files</Filter>
    </ClInclude>
  </ItemGroup>
</Project>