<?xml version="1.0" encoding="utf-8"?>
<Project ToolsVersion="4.0" xmlns="http://schemas.microsoft.com/developer/msbuild/2003">
  <ItemGroup>
    <None Include="..\defs\plugin.def" />
  </ItemGroup>
  <ItemGroup>
    <Filter Include="Header files">
      <UniqueIdentifier>{d8af7c2b-bb33-4a9f-86eb-97f66b12cc4b}</UniqueIdentifier>
    </Filter>
    <Filter Include="Resource files">
      <UniqueIdentifier>{aaffa049-3af6-4ac4-84b2-69e0e0f04dc0}</UniqueIdentifier>
    </Filter>
    <Filter Include="Source files">
      <UniqueIdentifier>{7e967250-14d2-42f2-acc1-5c7af7cab642}</UniqueIdentifier>
    </Filter>
  </ItemGroup>
  <ItemGroup>
    <ResourceCompile Include="..\..\..\src\jrd\version.rc">
      <Filter>Resource files</Filter>
    </ResourceCompile>
  </ItemGroup>
  <ItemGroup>
    <ClCompile Include="..\..\..\src\auth\SecureRemotePassword\manage\SrpManagement.cpp">
      <Filter>Source files</Filter>
    </ClCompile>
    <ClCompile Include="..\..\..\src\auth\SecureRemotePassword\BigInteger.cpp">
      <Filter>Source files</Filter>
    </ClCompile>
    <ClCompile Include="..\..\..\src\auth\SecureRemotePassword\srp.cpp">
      <Filter>Source files</Filter>
    </ClCompile>
  </ItemGroup>
  <ItemGroup>
    <ClInclude Include="..\..\..\src\auth\SecureRemotePassword\BigInteger.h">
      <Filter>Source files</Filter>
    </ClInclude>
    <ClInclude Include="..\..\..\src\auth\SecureRemotePassword\Message.h">
      <Filter>Source files</Filter>
    </ClInclude>
    <ClInclude Include="..\..\..\src\auth\SecureRemotePassword\srp.h">
      <Filter>Source files</Filter>
    </ClInclude>
  </ItemGroup>
</Project>