Microsoft Visual Studio Solution File, Format Version 7.00
Project("{8BC9CEB8-8B4A-11D0-8D11-00A0C91BC942}") = "alice", "alice.vcproj", "{B4A97E0E-2D7D-4153-9DCC-A55FC0E213E0}"
EndProject
Project("{8BC9CEB8-8B4A-11D0-8D11-00A0C91BC942}") = "alice_classic", "alice_classic.vcproj", "{FBA96933-B47F-41CF-9E17-D1F371D67C9D}"
EndProject
Project("{8BC9CEB8-8B4A-11D0-8D11-00A0C91BC942}") = "burp", "burp.vcproj", "{6F04EE08-45CB-441D-B288-C9CCEDDAB2EE}"
EndProject
Project("{8BC9CEB8-8B4A-11D0-8D11-00A0C91BC942}") = "burp_classic", "burp_classic.vcproj", "{8A7A9E36-14CD-493B-8DB5-56007AC30EE2}"
EndProject
Project("{8BC9CEB8-8B4A-11D0-8D11-00A0C91BC942}") = "common", "common.vcproj", "{AACF6155-FF44-4B50-AF68-CCE1CC183B13}"
EndProject
Project("{8BC9CEB8-8B4A-11D0-8D11-00A0C91BC942}") = "dsql_server", "dsql_server.vcproj", "{678BDDEE-81E3-4615-8E68-A13DE439D112}"
EndProject
Project("{8BC9CEB8-8B4A-11D0-8D11-00A0C91BC942}") = "dsql_server_classic", "dsql_server_classic.vcproj", "{BC14B583-812B-40E2-8687-5DDE7272A30B}"
EndProject
Project("{8BC9CEB8-8B4A-11D0-8D11-00A0C91BC942}") = "engine", "engine.vcproj", "{1635FBEF-2E5D-4030-BD34-8F6BB320DC47}"
EndProject
Project("{8BC9CEB8-8B4A-11D0-8D11-00A0C91BC942}") = "engine_classic", "engine_classic.vcproj", "{CFA5BBC7-220F-4233-BB73-EB8082467BDD}"
EndProject
Project("{8BC9CEB8-8B4A-11D0-8D11-00A0C91BC942}") = "fb_inet_server", "fb_inet_server.vcproj", "{9E82540D-6840-4737-B9A4-1AA5DBEA535B}"
EndProject
Project("{8BC9CEB8-8B4A-11D0-8D11-00A0C91BC942}") = "fb_lock_print", "fb_lock_print.vcproj", "{81688600-B7E1-446D-BAA4-ECFE8FBD7537}"
EndProject
Project("{8BC9CEB8-8B4A-11D0-8D11-00A0C91BC942}") = "fbclient", "fbclient.vcproj", "{BC728BEA-A438-479F-890F-51D5916B0A0A}"
EndProject
Project("{8BC9CEB8-8B4A-11D0-8D11-00A0C91BC942}") = "fbembed", "fbembed.vcproj", "{E4CB1786-290D-40C8-8AF1-E7E747F2259E}"
EndProject
Project("{8BC9CEB8-8B4A-11D0-8D11-00A0C91BC942}") = "fbserver", "fbserver.vcproj", "{3D934311-0EB9-4163-85FD-3030CC0218A9}"
EndProject
Project("{8BC9CEB8-8B4A-11D0-8D11-00A0C91BC942}") = "gbak", "gbak.vcproj", "{D1C2C3B8-2B6D-4B49-A199-2EF18A81094D}"
EndProject
Project("{8BC9CEB8-8B4A-11D0-8D11-00A0C91BC942}") = "gdef", "gdef.vcproj", "{013CBBA1-AAC8-49CF-87CB-2C1299420BBD}"
EndProject
Project("{8BC9CEB8-8B4A-11D0-8D11-00A0C91BC942}") = "gds32", "gds32.vcproj", "{FE5474B0-883E-40F1-A1A6-079448CB6782}"
EndProject
Project("{8BC9CEB8-8B4A-11D0-8D11-00A0C91BC942}") = "gfix", "gfix.vcproj", "{D32EEB9E-F971-4088-B007-B59137380933}"
EndProject
Project("{8BC9CEB8-8B4A-11D0-8D11-00A0C91BC942}") = "gpre", "gpre.vcproj", "{DD0BE6DE-72E5-4BA1-8AD6-574EE8E576F3}"
EndProject
Project("{8BC9CEB8-8B4A-11D0-8D11-00A0C91BC942}") = "gpre_boot", "gpre_boot.vcproj", "{E9D82892-C109-4C86-B42F-7A8B3C7148A8}"
EndProject
Project("{8BC9CEB8-8B4A-11D0-8D11-00A0C91BC942}") = "gsec", "gsec.vcproj", "{4D7E7752-CC63-4A8C-AA5B-41C0E124002E}"
EndProject
Project("{8BC9CEB8-8B4A-11D0-8D11-00A0C91BC942}") = "gstat", "gstat.vcproj", "{E0474D85-AA4A-4B93-A189-91BBACC0A3F5}"
EndProject
Project("{8BC9CEB8-8B4A-11D0-8D11-00A0C91BC942}") = "ib_udf", "ib_udf.vcproj", "{DD4B0156-134B-470C-8B2D-BC5D07A7815B}"
EndProject
Project("{8BC9CEB8-8B4A-11D0-8D11-00A0C91BC942}") = "ib_util", "ib_util.vcproj", "{273F86BF-B316-4962-A129-56C2232B907E}"
EndProject
Project("{8BC9CEB8-8B4A-11D0-8D11-00A0C91BC942}") = "instreg", "instreg.vcproj", "{091D2652-7024-4153-9A08-FBF59AD6A202}"
EndProject
Project("{8BC9CEB8-8B4A-11D0-8D11-00A0C91BC942}") = "instsvc", "instsvc.vcproj", "{6113C1FC-978B-4D67-B765-A458687340EB}"
EndProject
Project("{8BC9CEB8-8B4A-11D0-8D11-00A0C91BC942}") = "intl", "intl.vcproj", "{5071BCFF-6318-4368-BB37-C2B750E228E2}"
EndProject
Project("{8BC9CEB8-8B4A-11D0-8D11-00A0C91BC942}") = "ipserver", "ipserver.vcproj", "{7373661C-A68E-4B0E-8631-73B34DE492E1}"
EndProject
Project("{8BC9CEB8-8B4A-11D0-8D11-00A0C91BC942}") = "isql", "isql.vcproj", "{9335662B-7EA4-4EA3-A92F-F0610742D934}"
EndProject
Project("{8BC9CEB8-8B4A-11D0-8D11-00A0C91BC942}") = "lock", "lock.vcproj", "{FE572B82-1AC2-45A8-A865-AEAFBDF318C8}"
EndProject
Project("{8BC9CEB8-8B4A-11D0-8D11-00A0C91BC942}") = "lock_classic", "lock_classic.vcproj", "{7CFB599C-1B0A-443E-9749-D36C013EC8BC}"
EndProject
Project("{8BC9CEB8-8B4A-11D0-8D11-00A0C91BC942}") = "qli", "qli.vcproj", "{FEBBB816-4BED-4DE2-B313-996FBF0F9C56}"
EndProject
Project("{8BC9CEB8-8B4A-11D0-8D11-00A0C91BC942}") = "remote", "remote.vcproj", "{2976C68E-E924-4F76-854A-089D541D2FCC}"
EndProject
Project("{8BC9CEB8-8B4A-11D0-8D11-00A0C91BC942}") = "remote_classic", "remote_classic.vcproj", "{4CDC9B21-DC2D-467F-B3A4-A903C4894393}"
EndProject
Project("{8BC9CEB8-8B4A-11D0-8D11-00A0C91BC942}") = "utilities", "utilities.vcproj", "{9053112C-9FBA-4CF2-9596-8B5D5DCAA54B}"
EndProject
Project("{8BC9CEB8-8B4A-11D0-8D11-00A0C91BC942}") = "utilities_classic", "utilities_classic.vcproj", "{6D4424B3-CC22-4C2A-B1AA-A13EF9FA3A6D}"
EndProject
Project("{8BC9CEB8-8B4A-11D0-8D11-00A0C91BC942}") = "wal", "wal.vcproj", "{57D5E711-3124-478E-955F-22638393FB89}"
EndProject
Project("{8BC9CEB8-8B4A-11D0-8D11-00A0C91BC942}") = "wal_classic", "wal_classic.vcproj", "{C61E4DD0-1754-48F7-8E58-5304A9F8C0DD}"
EndProject
Project("{8BC9CEB8-8B4A-11D0-8D11-00A0C91BC942}") = "fbguard", "fbguard.vcproj", "{E7D478D9-45A3-40C2-9F62-9D251BDC8786}"
EndProject
Global
	GlobalSection(SolutionConfiguration) = preSolution
		ConfigName.0 = Debug
		ConfigName.1 = Release
	EndGlobalSection
	GlobalSection(ProjectDependencies) = postSolution
		{9E82540D-6840-4737-B9A4-1AA5DBEA535B}.0 = {CFA5BBC7-220F-4233-BB73-EB8082467BDD}
		{9E82540D-6840-4737-B9A4-1AA5DBEA535B}.1 = {FBA96933-B47F-41CF-9E17-D1F371D67C9D}
		{9E82540D-6840-4737-B9A4-1AA5DBEA535B}.2 = {8A7A9E36-14CD-493B-8DB5-56007AC30EE2}
		{9E82540D-6840-4737-B9A4-1AA5DBEA535B}.3 = {AACF6155-FF44-4B50-AF68-CCE1CC183B13}
		{9E82540D-6840-4737-B9A4-1AA5DBEA535B}.4 = {BC14B583-812B-40E2-8687-5DDE7272A30B}
		{9E82540D-6840-4737-B9A4-1AA5DBEA535B}.5 = {7373661C-A68E-4B0E-8631-73B34DE492E1}
		{9E82540D-6840-4737-B9A4-1AA5DBEA535B}.6 = {7CFB599C-1B0A-443E-9749-D36C013EC8BC}
		{9E82540D-6840-4737-B9A4-1AA5DBEA535B}.7 = {4CDC9B21-DC2D-467F-B3A4-A903C4894393}
		{9E82540D-6840-4737-B9A4-1AA5DBEA535B}.8 = {6D4424B3-CC22-4C2A-B1AA-A13EF9FA3A6D}
		{9E82540D-6840-4737-B9A4-1AA5DBEA535B}.9 = {C61E4DD0-1754-48F7-8E58-5304A9F8C0DD}
		{81688600-B7E1-446D-BAA4-ECFE8FBD7537}.0 = {AACF6155-FF44-4B50-AF68-CCE1CC183B13}
		{BC728BEA-A438-479F-890F-51D5916B0A0A}.0 = {AACF6155-FF44-4B50-AF68-CCE1CC183B13}
		{E4CB1786-290D-40C8-8AF1-E7E747F2259E}.0 = {B4A97E0E-2D7D-4153-9DCC-A55FC0E213E0}
		{E4CB1786-290D-40C8-8AF1-E7E747F2259E}.1 = {6F04EE08-45CB-441D-B288-C9CCEDDAB2EE}
		{E4CB1786-290D-40C8-8AF1-E7E747F2259E}.2 = {AACF6155-FF44-4B50-AF68-CCE1CC183B13}
		{E4CB1786-290D-40C8-8AF1-E7E747F2259E}.3 = {7373661C-A68E-4B0E-8631-73B34DE492E1}
		{E4CB1786-290D-40C8-8AF1-E7E747F2259E}.4 = {FE572B82-1AC2-45A8-A865-AEAFBDF318C8}
		{E4CB1786-290D-40C8-8AF1-E7E747F2259E}.5 = {9053112C-9FBA-4CF2-9596-8B5D5DCAA54B}
		{E4CB1786-290D-40C8-8AF1-E7E747F2259E}.6 = {57D5E711-3124-478E-955F-22638393FB89}
		{E4CB1786-290D-40C8-8AF1-E7E747F2259E}.7 = {678BDDEE-81E3-4615-8E68-A13DE439D112}
		{E4CB1786-290D-40C8-8AF1-E7E747F2259E}.8 = {1635FBEF-2E5D-4030-BD34-8F6BB320DC47}
		{3D934311-0EB9-4163-85FD-3030CC0218A9}.0 = {6F04EE08-45CB-441D-B288-C9CCEDDAB2EE}
		{3D934311-0EB9-4163-85FD-3030CC0218A9}.1 = {AACF6155-FF44-4B50-AF68-CCE1CC183B13}
		{3D934311-0EB9-4163-85FD-3030CC0218A9}.2 = {678BDDEE-81E3-4615-8E68-A13DE439D112}
		{3D934311-0EB9-4163-85FD-3030CC0218A9}.3 = {7373661C-A68E-4B0E-8631-73B34DE492E1}
		{3D934311-0EB9-4163-85FD-3030CC0218A9}.4 = {FE572B82-1AC2-45A8-A865-AEAFBDF318C8}
		{3D934311-0EB9-4163-85FD-3030CC0218A9}.5 = {9053112C-9FBA-4CF2-9596-8B5D5DCAA54B}
		{3D934311-0EB9-4163-85FD-3030CC0218A9}.6 = {2976C68E-E924-4F76-854A-089D541D2FCC}
		{3D934311-0EB9-4163-85FD-3030CC0218A9}.7 = {1635FBEF-2E5D-4030-BD34-8F6BB320DC47}
		{3D934311-0EB9-4163-85FD-3030CC0218A9}.8 = {57D5E711-3124-478E-955F-22638393FB89}
		{3D934311-0EB9-4163-85FD-3030CC0218A9}.9 = {B4A97E0E-2D7D-4153-9DCC-A55FC0E213E0}
		{D1C2C3B8-2B6D-4B49-A199-2EF18A81094D}.0 = {BC728BEA-A438-479F-890F-51D5916B0A0A}
		{013CBBA1-AAC8-49CF-87CB-2C1299420BBD}.0 = {BC728BEA-A438-479F-890F-51D5916B0A0A}
		{FE5474B0-883E-40F1-A1A6-079448CB6782}.0 = {BC728BEA-A438-479F-890F-51D5916B0A0A}
		{D32EEB9E-F971-4088-B007-B59137380933}.0 = {BC728BEA-A438-479F-890F-51D5916B0A0A}
		{DD0BE6DE-72E5-4BA1-8AD6-574EE8E576F3}.0 = {BC728BEA-A438-479F-890F-51D5916B0A0A}
		{4D7E7752-CC63-4A8C-AA5B-41C0E124002E}.0 = {BC728BEA-A438-479F-890F-51D5916B0A0A}
		{E0474D85-AA4A-4B93-A189-91BBACC0A3F5}.0 = {BC728BEA-A438-479F-890F-51D5916B0A0A}
		{DD4B0156-134B-470C-8B2D-BC5D07A7815B}.0 = {273F86BF-B316-4962-A129-56C2232B907E}
		{091D2652-7024-4153-9A08-FBF59AD6A202}.0 = {AACF6155-FF44-4B50-AF68-CCE1CC183B13}
		{6113C1FC-978B-4D67-B765-A458687340EB}.0 = {AACF6155-FF44-4B50-AF68-CCE1CC183B13}
		{5071BCFF-6318-4368-BB37-C2B750E228E2}.0 = {AACF6155-FF44-4B50-AF68-CCE1CC183B13}
		{9335662B-7EA4-4EA3-A92F-F0610742D934}.0 = {BC728BEA-A438-479F-890F-51D5916B0A0A}
		{FEBBB816-4BED-4DE2-B313-996FBF0F9C56}.0 = {BC728BEA-A438-479F-890F-51D5916B0A0A}
		{FEBBB816-4BED-4DE2-B313-996FBF0F9C56}.1 = {57D5E711-3124-478E-955F-22638393FB89}
		{E7D478D9-45A3-40C2-9F62-9D251BDC8786}.0 = {BC728BEA-A438-479F-890F-51D5916B0A0A}
		{E7D478D9-45A3-40C2-9F62-9D251BDC8786}.1 = {AACF6155-FF44-4B50-AF68-CCE1CC183B13}
	EndGlobalSection
	GlobalSection(ProjectConfiguration) = postSolution
		{B4A97E0E-2D7D-4153-9DCC-A55FC0E213E0}.Debug.ActiveCfg = Debug|Win32
		{B4A97E0E-2D7D-4153-9DCC-A55FC0E213E0}.Debug.Build.0 = Debug|Win32
		{B4A97E0E-2D7D-4153-9DCC-A55FC0E213E0}.Release.ActiveCfg = Release|Win32
		{B4A97E0E-2D7D-4153-9DCC-A55FC0E213E0}.Release.Build.0 = Release|Win32
		{FBA96933-B47F-41CF-9E17-D1F371D67C9D}.Debug.ActiveCfg = Debug|Win32
		{FBA96933-B47F-41CF-9E17-D1F371D67C9D}.Debug.Build.0 = Debug|Win32
		{FBA96933-B47F-41CF-9E17-D1F371D67C9D}.Release.ActiveCfg = Release|Win32
		{FBA96933-B47F-41CF-9E17-D1F371D67C9D}.Release.Build.0 = Release|Win32
		{6F04EE08-45CB-441D-B288-C9CCEDDAB2EE}.Debug.ActiveCfg = Debug|Win32
		{6F04EE08-45CB-441D-B288-C9CCEDDAB2EE}.Debug.Build.0 = Debug|Win32
		{6F04EE08-45CB-441D-B288-C9CCEDDAB2EE}.Release.ActiveCfg = Release|Win32
		{6F04EE08-45CB-441D-B288-C9CCEDDAB2EE}.Release.Build.0 = Release|Win32
		{8A7A9E36-14CD-493B-8DB5-56007AC30EE2}.Debug.ActiveCfg = Debug|Win32
		{8A7A9E36-14CD-493B-8DB5-56007AC30EE2}.Debug.Build.0 = Debug|Win32
		{8A7A9E36-14CD-493B-8DB5-56007AC30EE2}.Release.ActiveCfg = Release|Win32
		{8A7A9E36-14CD-493B-8DB5-56007AC30EE2}.Release.Build.0 = Release|Win32
		{AACF6155-FF44-4B50-AF68-CCE1CC183B13}.Debug.ActiveCfg = Debug|Win32
		{AACF6155-FF44-4B50-AF68-CCE1CC183B13}.Debug.Build.0 = Debug|Win32
		{AACF6155-FF44-4B50-AF68-CCE1CC183B13}.Release.ActiveCfg = Release|Win32
		{AACF6155-FF44-4B50-AF68-CCE1CC183B13}.Release.Build.0 = Release|Win32
		{678BDDEE-81E3-4615-8E68-A13DE439D112}.Debug.ActiveCfg = Debug|Win32
		{678BDDEE-81E3-4615-8E68-A13DE439D112}.Debug.Build.0 = Debug|Win32
		{678BDDEE-81E3-4615-8E68-A13DE439D112}.Release.ActiveCfg = Release|Win32
		{678BDDEE-81E3-4615-8E68-A13DE439D112}.Release.Build.0 = Release|Win32
		{BC14B583-812B-40E2-8687-5DDE7272A30B}.Debug.ActiveCfg = Debug|Win32
		{BC14B583-812B-40E2-8687-5DDE7272A30B}.Debug.Build.0 = Debug|Win32
		{BC14B583-812B-40E2-8687-5DDE7272A30B}.Release.ActiveCfg = Release|Win32
		{BC14B583-812B-40E2-8687-5DDE7272A30B}.Release.Build.0 = Release|Win32
		{1635FBEF-2E5D-4030-BD34-8F6BB320DC47}.Debug.ActiveCfg = Debug|Win32
		{1635FBEF-2E5D-4030-BD34-8F6BB320DC47}.Debug.Build.0 = Debug|Win32
		{1635FBEF-2E5D-4030-BD34-8F6BB320DC47}.Release.ActiveCfg = Release|Win32
		{1635FBEF-2E5D-4030-BD34-8F6BB320DC47}.Release.Build.0 = Release|Win32
		{CFA5BBC7-220F-4233-BB73-EB8082467BDD}.Debug.ActiveCfg = Debug|Win32
		{CFA5BBC7-220F-4233-BB73-EB8082467BDD}.Debug.Build.0 = Debug|Win32
		{CFA5BBC7-220F-4233-BB73-EB8082467BDD}.Release.ActiveCfg = Release|Win32
		{CFA5BBC7-220F-4233-BB73-EB8082467BDD}.Release.Build.0 = Release|Win32
		{9E82540D-6840-4737-B9A4-1AA5DBEA535B}.Debug.ActiveCfg = Debug|Win32
		{9E82540D-6840-4737-B9A4-1AA5DBEA535B}.Debug.Build.0 = Debug|Win32
		{9E82540D-6840-4737-B9A4-1AA5DBEA535B}.Release.ActiveCfg = Release|Win32
		{9E82540D-6840-4737-B9A4-1AA5DBEA535B}.Release.Build.0 = Release|Win32
		{81688600-B7E1-446D-BAA4-ECFE8FBD7537}.Debug.ActiveCfg = Debug|Win32
		{81688600-B7E1-446D-BAA4-ECFE8FBD7537}.Debug.Build.0 = Debug|Win32
		{81688600-B7E1-446D-BAA4-ECFE8FBD7537}.Release.ActiveCfg = Release|Win32
		{81688600-B7E1-446D-BAA4-ECFE8FBD7537}.Release.Build.0 = Release|Win32
		{BC728BEA-A438-479F-890F-51D5916B0A0A}.Debug.ActiveCfg = Debug|Win32
		{BC728BEA-A438-479F-890F-51D5916B0A0A}.Debug.Build.0 = Debug|Win32
		{BC728BEA-A438-479F-890F-51D5916B0A0A}.Release.ActiveCfg = Release|Win32
		{BC728BEA-A438-479F-890F-51D5916B0A0A}.Release.Build.0 = Release|Win32
		{E4CB1786-290D-40C8-8AF1-E7E747F2259E}.Debug.ActiveCfg = Debug|Win32
		{E4CB1786-290D-40C8-8AF1-E7E747F2259E}.Debug.Build.0 = Debug|Win32
		{E4CB1786-290D-40C8-8AF1-E7E747F2259E}.Release.ActiveCfg = Release|Win32
		{E4CB1786-290D-40C8-8AF1-E7E747F2259E}.Release.Build.0 = Release|Win32
		{3D934311-0EB9-4163-85FD-3030CC0218A9}.Debug.ActiveCfg = Debug|Win32
		{3D934311-0EB9-4163-85FD-3030CC0218A9}.Debug.Build.0 = Debug|Win32
		{3D934311-0EB9-4163-85FD-3030CC0218A9}.Release.ActiveCfg = Release|Win32
		{3D934311-0EB9-4163-85FD-3030CC0218A9}.Release.Build.0 = Release|Win32
		{D1C2C3B8-2B6D-4B49-A199-2EF18A81094D}.Debug.ActiveCfg = Debug|Win32
		{D1C2C3B8-2B6D-4B49-A199-2EF18A81094D}.Debug.Build.0 = Debug|Win32
		{D1C2C3B8-2B6D-4B49-A199-2EF18A81094D}.Release.ActiveCfg = Release|Win32
		{D1C2C3B8-2B6D-4B49-A199-2EF18A81094D}.Release.Build.0 = Release|Win32
		{013CBBA1-AAC8-49CF-87CB-2C1299420BBD}.Debug.ActiveCfg = Debug|Win32
		{013CBBA1-AAC8-49CF-87CB-2C1299420BBD}.Debug.Build.0 = Debug|Win32
		{013CBBA1-AAC8-49CF-87CB-2C1299420BBD}.Release.ActiveCfg = Release|Win32
		{013CBBA1-AAC8-49CF-87CB-2C1299420BBD}.Release.Build.0 = Release|Win32
		{FE5474B0-883E-40F1-A1A6-079448CB6782}.Debug.ActiveCfg = Debug|Win32
		{FE5474B0-883E-40F1-A1A6-079448CB6782}.Debug.Build.0 = Debug|Win32
		{FE5474B0-883E-40F1-A1A6-079448CB6782}.Release.ActiveCfg = Release|Win32
		{FE5474B0-883E-40F1-A1A6-079448CB6782}.Release.Build.0 = Release|Win32
		{D32EEB9E-F971-4088-B007-B59137380933}.Debug.ActiveCfg = Debug|Win32
		{D32EEB9E-F971-4088-B007-B59137380933}.Debug.Build.0 = Debug|Win32
		{D32EEB9E-F971-4088-B007-B59137380933}.Release.ActiveCfg = Release|Win32
		{D32EEB9E-F971-4088-B007-B59137380933}.Release.Build.0 = Release|Win32
		{DD0BE6DE-72E5-4BA1-8AD6-574EE8E576F3}.Debug.ActiveCfg = Debug|Win32
		{DD0BE6DE-72E5-4BA1-8AD6-574EE8E576F3}.Debug.Build.0 = Debug|Win32
		{DD0BE6DE-72E5-4BA1-8AD6-574EE8E576F3}.Release.ActiveCfg = Release|Win32
		{DD0BE6DE-72E5-4BA1-8AD6-574EE8E576F3}.Release.Build.0 = Release|Win32
		{E9D82892-C109-4C86-B42F-7A8B3C7148A8}.Debug.ActiveCfg = Debug|Win32
		{E9D82892-C109-4C86-B42F-7A8B3C7148A8}.Debug.Build.0 = Debug|Win32
		{E9D82892-C109-4C86-B42F-7A8B3C7148A8}.Release.ActiveCfg = Release|Win32
		{E9D82892-C109-4C86-B42F-7A8B3C7148A8}.Release.Build.0 = Release|Win32
		{4D7E7752-CC63-4A8C-AA5B-41C0E124002E}.Debug.ActiveCfg = Debug|Win32
		{4D7E7752-CC63-4A8C-AA5B-41C0E124002E}.Debug.Build.0 = Debug|Win32
		{4D7E7752-CC63-4A8C-AA5B-41C0E124002E}.Release.ActiveCfg = Release|Win32
		{4D7E7752-CC63-4A8C-AA5B-41C0E124002E}.Release.Build.0 = Release|Win32
		{E0474D85-AA4A-4B93-A189-91BBACC0A3F5}.Debug.ActiveCfg = Debug|Win32
		{E0474D85-AA4A-4B93-A189-91BBACC0A3F5}.Debug.Build.0 = Debug|Win32
		{E0474D85-AA4A-4B93-A189-91BBACC0A3F5}.Release.ActiveCfg = Release|Win32
		{E0474D85-AA4A-4B93-A189-91BBACC0A3F5}.Release.Build.0 = Release|Win32
		{DD4B0156-134B-470C-8B2D-BC5D07A7815B}.Debug.ActiveCfg = Debug|Win32
		{DD4B0156-134B-470C-8B2D-BC5D07A7815B}.Debug.Build.0 = Debug|Win32
		{DD4B0156-134B-470C-8B2D-BC5D07A7815B}.Release.ActiveCfg = Release|Win32
		{DD4B0156-134B-470C-8B2D-BC5D07A7815B}.Release.Build.0 = Release|Win32
		{273F86BF-B316-4962-A129-56C2232B907E}.Debug.ActiveCfg = Debug|Win32
		{273F86BF-B316-4962-A129-56C2232B907E}.Debug.Build.0 = Debug|Win32
		{273F86BF-B316-4962-A129-56C2232B907E}.Release.ActiveCfg = Release|Win32
		{273F86BF-B316-4962-A129-56C2232B907E}.Release.Build.0 = Release|Win32
		{091D2652-7024-4153-9A08-FBF59AD6A202}.Debug.ActiveCfg = Debug|Win32
		{091D2652-7024-4153-9A08-FBF59AD6A202}.Debug.Build.0 = Debug|Win32
		{091D2652-7024-4153-9A08-FBF59AD6A202}.Release.ActiveCfg = Release|Win32
		{091D2652-7024-4153-9A08-FBF59AD6A202}.Release.Build.0 = Release|Win32
		{6113C1FC-978B-4D67-B765-A458687340EB}.Debug.ActiveCfg = Debug|Win32
		{6113C1FC-978B-4D67-B765-A458687340EB}.Debug.Build.0 = Debug|Win32
		{6113C1FC-978B-4D67-B765-A458687340EB}.Release.ActiveCfg = Release|Win32
		{6113C1FC-978B-4D67-B765-A458687340EB}.Release.Build.0 = Release|Win32
		{5071BCFF-6318-4368-BB37-C2B750E228E2}.Debug.ActiveCfg = Debug|Win32
		{5071BCFF-6318-4368-BB37-C2B750E228E2}.Debug.Build.0 = Debug|Win32
		{5071BCFF-6318-4368-BB37-C2B750E228E2}.Release.ActiveCfg = Release|Win32
		{5071BCFF-6318-4368-BB37-C2B750E228E2}.Release.Build.0 = Release|Win32
		{7373661C-A68E-4B0E-8631-73B34DE492E1}.Debug.ActiveCfg = Debug|Win32
		{7373661C-A68E-4B0E-8631-73B34DE492E1}.Debug.Build.0 = Debug|Win32
		{7373661C-A68E-4B0E-8631-73B34DE492E1}.Release.ActiveCfg = Release|Win32
		{7373661C-A68E-4B0E-8631-73B34DE492E1}.Release.Build.0 = Release|Win32
		{9335662B-7EA4-4EA3-A92F-F0610742D934}.Debug.ActiveCfg = Debug|Win32
		{9335662B-7EA4-4EA3-A92F-F0610742D934}.Debug.Build.0 = Debug|Win32
		{9335662B-7EA4-4EA3-A92F-F0610742D934}.Release.ActiveCfg = Release|Win32
		{9335662B-7EA4-4EA3-A92F-F0610742D934}.Release.Build.0 = Release|Win32
		{FE572B82-1AC2-45A8-A865-AEAFBDF318C8}.Debug.ActiveCfg = Debug|Win32
		{FE572B82-1AC2-45A8-A865-AEAFBDF318C8}.Debug.Build.0 = Debug|Win32
		{FE572B82-1AC2-45A8-A865-AEAFBDF318C8}.Release.ActiveCfg = Release|Win32
		{FE572B82-1AC2-45A8-A865-AEAFBDF318C8}.Release.Build.0 = Release|Win32
		{7CFB599C-1B0A-443E-9749-D36C013EC8BC}.Debug.ActiveCfg = Debug|Win32
		{7CFB599C-1B0A-443E-9749-D36C013EC8BC}.Debug.Build.0 = Debug|Win32
		{7CFB599C-1B0A-443E-9749-D36C013EC8BC}.Release.ActiveCfg = Release|Win32
		{7CFB599C-1B0A-443E-9749-D36C013EC8BC}.Release.Build.0 = Release|Win32
		{FEBBB816-4BED-4DE2-B313-996FBF0F9C56}.Debug.ActiveCfg = Debug|Win32
		{FEBBB816-4BED-4DE2-B313-996FBF0F9C56}.Debug.Build.0 = Debug|Win32
		{FEBBB816-4BED-4DE2-B313-996FBF0F9C56}.Release.ActiveCfg = Release|Win32
		{FEBBB816-4BED-4DE2-B313-996FBF0F9C56}.Release.Build.0 = Release|Win32
		{2976C68E-E924-4F76-854A-089D541D2FCC}.Debug.ActiveCfg = Debug|Win32
		{2976C68E-E924-4F76-854A-089D541D2FCC}.Debug.Build.0 = Debug|Win32
		{2976C68E-E924-4F76-854A-089D541D2FCC}.Release.ActiveCfg = Release|Win32
		{2976C68E-E924-4F76-854A-089D541D2FCC}.Release.Build.0 = Release|Win32
		{4CDC9B21-DC2D-467F-B3A4-A903C4894393}.Debug.ActiveCfg = Debug|Win32
		{4CDC9B21-DC2D-467F-B3A4-A903C4894393}.Debug.Build.0 = Debug|Win32
		{4CDC9B21-DC2D-467F-B3A4-A903C4894393}.Release.ActiveCfg = Release|Win32
		{4CDC9B21-DC2D-467F-B3A4-A903C4894393}.Release.Build.0 = Release|Win32
		{9053112C-9FBA-4CF2-9596-8B5D5DCAA54B}.Debug.ActiveCfg = Debug|Win32
		{9053112C-9FBA-4CF2-9596-8B5D5DCAA54B}.Debug.Build.0 = Debug|Win32
		{9053112C-9FBA-4CF2-9596-8B5D5DCAA54B}.Release.ActiveCfg = Release|Win32
		{9053112C-9FBA-4CF2-9596-8B5D5DCAA54B}.Release.Build.0 = Release|Win32
		{6D4424B3-CC22-4C2A-B1AA-A13EF9FA3A6D}.Debug.ActiveCfg = Debug|Win32
		{6D4424B3-CC22-4C2A-B1AA-A13EF9FA3A6D}.Debug.Build.0 = Debug|Win32
		{6D4424B3-CC22-4C2A-B1AA-A13EF9FA3A6D}.Release.ActiveCfg = Release|Win32
		{6D4424B3-CC22-4C2A-B1AA-A13EF9FA3A6D}.Release.Build.0 = Release|Win32
		{57D5E711-3124-478E-955F-22638393FB89}.Debug.ActiveCfg = Debug|Win32
		{57D5E711-3124-478E-955F-22638393FB89}.Debug.Build.0 = Debug|Win32
		{57D5E711-3124-478E-955F-22638393FB89}.Release.ActiveCfg = Release|Win32
		{57D5E711-3124-478E-955F-22638393FB89}.Release.Build.0 = Release|Win32
		{C61E4DD0-1754-48F7-8E58-5304A9F8C0DD}.Debug.ActiveCfg = Debug|Win32
		{C61E4DD0-1754-48F7-8E58-5304A9F8C0DD}.Debug.Build.0 = Debug|Win32
		{C61E4DD0-1754-48F7-8E58-5304A9F8C0DD}.Release.ActiveCfg = Release|Win32
		{C61E4DD0-1754-48F7-8E58-5304A9F8C0DD}.Release.Build.0 = Release|Win32
		{E7D478D9-45A3-40C2-9F62-9D251BDC8786}.Debug.ActiveCfg = Debug|Win32
		{E7D478D9-45A3-40C2-9F62-9D251BDC8786}.Debug.Build.0 = Debug|Win32
		{E7D478D9-45A3-40C2-9F62-9D251BDC8786}.Release.ActiveCfg = Release|Win32
		{E7D478D9-45A3-40C2-9F62-9D251BDC8786}.Release.Build.0 = Release|Win32
	EndGlobalSection
	GlobalSection(ExtensibilityGlobals) = postSolution
	EndGlobalSection
	GlobalSection(ExtensibilityAddIns) = postSolution
	EndGlobalSection
EndGlobal
