Microsoft Visual Studio Solution File, Format Version 7.00
Project("{8BC9CEB8-8B4A-11D0-8D11-00A0C91BC942}") = "alice", "alice.vcproj", "{2E5A5167-5820-4694-AACB-FB6F2D249DA7}"
EndProject
Project("{8BC9CEB8-8B4A-11D0-8D11-00A0C91BC942}") = "alice_classic", "alice_classic.vcproj", "{234C878A-8C64-4055-8CE6-DF3567073D6D}"
EndProject
Project("{8BC9CEB8-8B4A-11D0-8D11-00A0C91BC942}") = "burp", "burp.vcproj", "{D29B3409-F1E5-42AA-9CAF-1B30F8D91733}"
EndProject
Project("{8BC9CEB8-8B4A-11D0-8D11-00A0C91BC942}") = "burp_classic", "burp_classic.vcproj", "{D3538FB0-5A66-4FE4-BBBF-30691BFCF78C}"
EndProject
Project("{8BC9CEB8-8B4A-11D0-8D11-00A0C91BC942}") = "common", "common.vcproj", "{3EB240C5-3F93-46D0-A8C2-B6E4FF89ECC5}"
EndProject
Project("{8BC9CEB8-8B4A-11D0-8D11-00A0C91BC942}") = "common_classic", "common_classic.vcproj", "{ABD9416E-6C17-4641-9D9C-5CBACD5728AC}"
EndProject
Project("{8BC9CEB8-8B4A-11D0-8D11-00A0C91BC942}") = "dsql_server", "dsql_server.vcproj", "{F5EE606C-5D04-4CB2-93A7-51891D0EA286}"
EndProject
Project("{8BC9CEB8-8B4A-11D0-8D11-00A0C91BC942}") = "dsql_server_classic", "dsql_server_classic.vcproj", "{772AC0A4-1B8B-4D03-B003-528E6ED4F9D2}"
EndProject
Project("{8BC9CEB8-8B4A-11D0-8D11-00A0C91BC942}") = "engine", "engine.vcproj", "{9DCC4905-87A4-4CC1-BA86-60A33522E642}"
EndProject
Project("{8BC9CEB8-8B4A-11D0-8D11-00A0C91BC942}") = "engine_classic", "engine_classic.vcproj", "{CB28D46B-4B9F-4FEA-A5D4-CC346925017A}"
EndProject
Project("{8BC9CEB8-8B4A-11D0-8D11-00A0C91BC942}") = "fb_inet_server", "fb_inet_server.vcproj", "{AAF58CAE-B3AD-45F5-BDFE-7B861617E5DE}"
EndProject
Project("{8BC9CEB8-8B4A-11D0-8D11-00A0C91BC942}") = "fb_lock_print", "fb_lock_print.vcproj", "{1C4685B7-7B5A-42AB-BDFC-62BC70532A29}"
EndProject
Project("{8BC9CEB8-8B4A-11D0-8D11-00A0C91BC942}") = "fbclient", "fbclient.vcproj", "{CE4B5B3C-BC69-4202-9D5B-B47A33564826}"
EndProject
Project("{8BC9CEB8-8B4A-11D0-8D11-00A0C91BC942}") = "fbembed", "fbembed.vcproj", "{05413E68-42EC-416F-B878-A375D78769F1}"
EndProject
Project("{8BC9CEB8-8B4A-11D0-8D11-00A0C91BC942}") = "fbguard", "fbguard.vcproj", "{2F78D693-5467-4E34-B209-895775B436DB}"
EndProject
Project("{8BC9CEB8-8B4A-11D0-8D11-00A0C91BC942}") = "fbserver", "fbserver.vcproj", "{5F02AFCB-5BB9-46EC-9465-03868EB7CB1D}"
EndProject
Project("{8BC9CEB8-8B4A-11D0-8D11-00A0C91BC942}") = "fbudf", "fbudf.vcproj", "{2350A5AB-41B5-4321-A50B-F3B40BAF1E51}"
EndProject
Project("{8BC9CEB8-8B4A-11D0-8D11-00A0C91BC942}") = "gbak", "gbak.vcproj", "{CA44DED5-6A7D-445B-BD3E-C4E174E8618E}"
EndProject
Project("{8BC9CEB8-8B4A-11D0-8D11-00A0C91BC942}") = "gdef", "gdef.vcproj", "{A45ED4D3-A79A-408D-8CBB-42540F374E93}"
EndProject
Project("{8BC9CEB8-8B4A-11D0-8D11-00A0C91BC942}") = "gds32", "gds32.vcproj", "{0EDB5F96-B273-4884-84FD-CE101BCDA33F}"
EndProject
Project("{8BC9CEB8-8B4A-11D0-8D11-00A0C91BC942}") = "gfix", "gfix.vcproj", "{5D1C8147-A65D-4463-BB6F-E6218C05FDF4}"
EndProject
Project("{8BC9CEB8-8B4A-11D0-8D11-00A0C91BC942}") = "gpre", "gpre.vcproj", "{659717CE-7A89-4FF4-9A71-150C7CEA2607}"
EndProject
Project("{8BC9CEB8-8B4A-11D0-8D11-00A0C91BC942}") = "gpre_boot", "gpre_boot.vcproj", "{AED91B29-4E4B-4CB1-BE63-9ECB7C779BE6}"
EndProject
Project("{8BC9CEB8-8B4A-11D0-8D11-00A0C91BC942}") = "gsec", "gsec.vcproj", "{5EE7623D-C058-4E3E-BBF7-A0A455F033C1}"
EndProject
Project("{8BC9CEB8-8B4A-11D0-8D11-00A0C91BC942}") = "gsplit", "gsplit.vcproj", "{339C15D3-2872-41CD-93CB-BF3A5F7617DE}"
EndProject
Project("{8BC9CEB8-8B4A-11D0-8D11-00A0C91BC942}") = "gstat", "gstat.vcproj", "{C47080A4-9825-49EE-8638-5B94C2572879}"
EndProject
Project("{8BC9CEB8-8B4A-11D0-8D11-00A0C91BC942}") = "ib_udf", "ib_udf.vcproj", "{4B21AE56-5DB6-4EFF-8159-9DB7CD8CE809}"
EndProject
Project("{8BC9CEB8-8B4A-11D0-8D11-00A0C91BC942}") = "ib_util", "ib_util.vcproj", "{03E012AE-812D-4BC3-BEE7-D863A15D5B93}"
EndProject
Project("{8BC9CEB8-8B4A-11D0-8D11-00A0C91BC942}") = "instreg", "instreg.vcproj", "{1835B94D-C8BA-49BC-AD4C-70BB22765136}"
EndProject
Project("{8BC9CEB8-8B4A-11D0-8D11-00A0C91BC942}") = "instsvc", "instsvc.vcproj", "{E5F49556-3B86-46DC-B62C-93D73ABB12D2}"
EndProject
Project("{8BC9CEB8-8B4A-11D0-8D11-00A0C91BC942}") = "intl", "intl.vcproj", "{065A7A6D-930B-46FB-BF7C-4EE24A05946F}"
EndProject
Project("{8BC9CEB8-8B4A-11D0-8D11-00A0C91BC942}") = "intlcpp", "intlcpp.vcproj", "{150A82AA-3C31-4CAD-A2D9-9CC5BE282B4E}"
EndProject
Project("{8BC9CEB8-8B4A-11D0-8D11-00A0C91BC942}") = "ipserver", "ipserver.vcproj", "{0626C815-8097-4FA9-B7E3-CE0E992E8F67}"
EndProject
Project("{8BC9CEB8-8B4A-11D0-8D11-00A0C91BC942}") = "isql", "isql.vcproj", "{29DEC74C-A907-465F-997A-8C752B18EB30}"
EndProject
Project("{8BC9CEB8-8B4A-11D0-8D11-00A0C91BC942}") = "lock", "lock.vcproj", "{63C5DED6-DAA5-4810-BDC9-D1AD54E0AFA2}"
EndProject
Project("{8BC9CEB8-8B4A-11D0-8D11-00A0C91BC942}") = "lock_classic", "lock_classic.vcproj", "{81F562F4-4971-41C5-91FD-A3858200C6F2}"
EndProject
Project("{8BC9CEB8-8B4A-11D0-8D11-00A0C91BC942}") = "qli", "qli.vcproj", "{01F40242-EA9C-4B33-82F4-C5A0B6DED697}"
EndProject
Project("{8BC9CEB8-8B4A-11D0-8D11-00A0C91BC942}") = "remote", "remote.vcproj", "{CFACEF18-4667-4680-8E1C-97513AA842F2}"
EndProject
Project("{8BC9CEB8-8B4A-11D0-8D11-00A0C91BC942}") = "remote_classic", "remote_classic.vcproj", "{0602B397-F886-411E-81F7-2DC04D8C6B4D}"
EndProject
Project("{8BC9CEB8-8B4A-11D0-8D11-00A0C91BC942}") = "utilities", "utilities.vcproj", "{CFBC60EE-CDB8-4571-B1E7-FC23F550720A}"
EndProject
Project("{8BC9CEB8-8B4A-11D0-8D11-00A0C91BC942}") = "utilities_classic", "utilities_classic.vcproj", "{38FA626A-7B1E-4EB9-BE40-A80A195F71B2}"
EndProject
Project("{8BC9CEB8-8B4A-11D0-8D11-00A0C91BC942}") = "wal", "wal.vcproj", "{1BA2DBF4-DF6D-4191-8885-EAB30468998B}"
EndProject
Project("{8BC9CEB8-8B4A-11D0-8D11-00A0C91BC942}") = "wal_classic", "wal_classic.vcproj", "{AFCABB1D-5748-4337-835C-EE8926D17365}"
EndProject
Global
	GlobalSection(SolutionConfiguration) = preSolution
		ConfigName.0 = Debug
		ConfigName.1 = Release
	EndGlobalSection
	GlobalSection(ProjectDependencies) = postSolution
		{AAF58CAE-B3AD-45F5-BDFE-7B861617E5DE}.0 = {ABD9416E-6C17-4641-9D9C-5CBACD5728AC}
		{AAF58CAE-B3AD-45F5-BDFE-7B861617E5DE}.1 = {AFCABB1D-5748-4337-835C-EE8926D17365}
		{AAF58CAE-B3AD-45F5-BDFE-7B861617E5DE}.2 = {38FA626A-7B1E-4EB9-BE40-A80A195F71B2}
		{AAF58CAE-B3AD-45F5-BDFE-7B861617E5DE}.3 = {0602B397-F886-411E-81F7-2DC04D8C6B4D}
		{AAF58CAE-B3AD-45F5-BDFE-7B861617E5DE}.4 = {81F562F4-4971-41C5-91FD-A3858200C6F2}
		{AAF58CAE-B3AD-45F5-BDFE-7B861617E5DE}.5 = {0626C815-8097-4FA9-B7E3-CE0E992E8F67}
		{AAF58CAE-B3AD-45F5-BDFE-7B861617E5DE}.6 = {772AC0A4-1B8B-4D03-B003-528E6ED4F9D2}
		{AAF58CAE-B3AD-45F5-BDFE-7B861617E5DE}.7 = {D3538FB0-5A66-4FE4-BBBF-30691BFCF78C}
		{AAF58CAE-B3AD-45F5-BDFE-7B861617E5DE}.8 = {234C878A-8C64-4055-8CE6-DF3567073D6D}
		{AAF58CAE-B3AD-45F5-BDFE-7B861617E5DE}.9 = {CB28D46B-4B9F-4FEA-A5D4-CC346925017A}
		{1C4685B7-7B5A-42AB-BDFC-62BC70532A29}.0 = {3EB240C5-3F93-46D0-A8C2-B6E4FF89ECC5}
		{CE4B5B3C-BC69-4202-9D5B-B47A33564826}.0 = {3EB240C5-3F93-46D0-A8C2-B6E4FF89ECC5}
		{05413E68-42EC-416F-B878-A375D78769F1}.0 = {9DCC4905-87A4-4CC1-BA86-60A33522E642}
		{05413E68-42EC-416F-B878-A375D78769F1}.1 = {F5EE606C-5D04-4CB2-93A7-51891D0EA286}
		{05413E68-42EC-416F-B878-A375D78769F1}.2 = {1BA2DBF4-DF6D-4191-8885-EAB30468998B}
		{05413E68-42EC-416F-B878-A375D78769F1}.3 = {CFBC60EE-CDB8-4571-B1E7-FC23F550720A}
		{05413E68-42EC-416F-B878-A375D78769F1}.4 = {63C5DED6-DAA5-4810-BDC9-D1AD54E0AFA2}
		{05413E68-42EC-416F-B878-A375D78769F1}.5 = {3EB240C5-3F93-46D0-A8C2-B6E4FF89ECC5}
		{05413E68-42EC-416F-B878-A375D78769F1}.6 = {D29B3409-F1E5-42AA-9CAF-1B30F8D91733}
		{05413E68-42EC-416F-B878-A375D78769F1}.7 = {2E5A5167-5820-4694-AACB-FB6F2D249DA7}
		{2F78D693-5467-4E34-B209-895775B436DB}.0 = {CE4B5B3C-BC69-4202-9D5B-B47A33564826}
		{2F78D693-5467-4E34-B209-895775B436DB}.1 = {3EB240C5-3F93-46D0-A8C2-B6E4FF89ECC5}
		{5F02AFCB-5BB9-46EC-9465-03868EB7CB1D}.0 = {0626C815-8097-4FA9-B7E3-CE0E992E8F67}
		{5F02AFCB-5BB9-46EC-9465-03868EB7CB1D}.1 = {9DCC4905-87A4-4CC1-BA86-60A33522E642}
		{5F02AFCB-5BB9-46EC-9465-03868EB7CB1D}.2 = {CFACEF18-4667-4680-8E1C-97513AA842F2}
		{5F02AFCB-5BB9-46EC-9465-03868EB7CB1D}.3 = {1BA2DBF4-DF6D-4191-8885-EAB30468998B}
		{5F02AFCB-5BB9-46EC-9465-03868EB7CB1D}.4 = {CFBC60EE-CDB8-4571-B1E7-FC23F550720A}
		{5F02AFCB-5BB9-46EC-9465-03868EB7CB1D}.5 = {63C5DED6-DAA5-4810-BDC9-D1AD54E0AFA2}
		{5F02AFCB-5BB9-46EC-9465-03868EB7CB1D}.6 = {F5EE606C-5D04-4CB2-93A7-51891D0EA286}
		{5F02AFCB-5BB9-46EC-9465-03868EB7CB1D}.7 = {3EB240C5-3F93-46D0-A8C2-B6E4FF89ECC5}
		{5F02AFCB-5BB9-46EC-9465-03868EB7CB1D}.8 = {D29B3409-F1E5-42AA-9CAF-1B30F8D91733}
		{5F02AFCB-5BB9-46EC-9465-03868EB7CB1D}.9 = {2E5A5167-5820-4694-AACB-FB6F2D249DA7}
		{2350A5AB-41B5-4321-A50B-F3B40BAF1E51}.0 = {CE4B5B3C-BC69-4202-9D5B-B47A33564826}
		{CA44DED5-6A7D-445B-BD3E-C4E174E8618E}.0 = {CE4B5B3C-BC69-4202-9D5B-B47A33564826}
		{A45ED4D3-A79A-408D-8CBB-42540F374E93}.0 = {CE4B5B3C-BC69-4202-9D5B-B47A33564826}
		{0EDB5F96-B273-4884-84FD-CE101BCDA33F}.0 = {CE4B5B3C-BC69-4202-9D5B-B47A33564826}
		{5D1C8147-A65D-4463-BB6F-E6218C05FDF4}.0 = {CE4B5B3C-BC69-4202-9D5B-B47A33564826}
		{659717CE-7A89-4FF4-9A71-150C7CEA2607}.0 = {CE4B5B3C-BC69-4202-9D5B-B47A33564826}
		{AED91B29-4E4B-4CB1-BE63-9ECB7C779BE6}.0 = {3EB240C5-3F93-46D0-A8C2-B6E4FF89ECC5}
		{5EE7623D-C058-4E3E-BBF7-A0A455F033C1}.0 = {CE4B5B3C-BC69-4202-9D5B-B47A33564826}
		{C47080A4-9825-49EE-8638-5B94C2572879}.0 = {CE4B5B3C-BC69-4202-9D5B-B47A33564826}
		{4B21AE56-5DB6-4EFF-8159-9DB7CD8CE809}.0 = {03E012AE-812D-4BC3-BEE7-D863A15D5B93}
		{1835B94D-C8BA-49BC-AD4C-70BB22765136}.0 = {3EB240C5-3F93-46D0-A8C2-B6E4FF89ECC5}
		{E5F49556-3B86-46DC-B62C-93D73ABB12D2}.0 = {3EB240C5-3F93-46D0-A8C2-B6E4FF89ECC5}
		{29DEC74C-A907-465F-997A-8C752B18EB30}.0 = {CE4B5B3C-BC69-4202-9D5B-B47A33564826}
		{01F40242-EA9C-4B33-82F4-C5A0B6DED697}.0 = {1BA2DBF4-DF6D-4191-8885-EAB30468998B}
		{01F40242-EA9C-4B33-82F4-C5A0B6DED697}.1 = {CE4B5B3C-BC69-4202-9D5B-B47A33564826}
	EndGlobalSection
	GlobalSection(ProjectConfiguration) = postSolution
		{2E5A5167-5820-4694-AACB-FB6F2D249DA7}.Debug.ActiveCfg = Debug|Win32
		{2E5A5167-5820-4694-AACB-FB6F2D249DA7}.Debug.Build.0 = Debug|Win32
		{2E5A5167-5820-4694-AACB-FB6F2D249DA7}.Release.ActiveCfg = Release|Win32
		{2E5A5167-5820-4694-AACB-FB6F2D249DA7}.Release.Build.0 = Release|Win32
		{234C878A-8C64-4055-8CE6-DF3567073D6D}.Debug.ActiveCfg = Debug|Win32
		{234C878A-8C64-4055-8CE6-DF3567073D6D}.Debug.Build.0 = Debug|Win32
		{234C878A-8C64-4055-8CE6-DF3567073D6D}.Release.ActiveCfg = Release|Win32
		{234C878A-8C64-4055-8CE6-DF3567073D6D}.Release.Build.0 = Release|Win32
		{D29B3409-F1E5-42AA-9CAF-1B30F8D91733}.Debug.ActiveCfg = Debug|Win32
		{D29B3409-F1E5-42AA-9CAF-1B30F8D91733}.Debug.Build.0 = Debug|Win32
		{D29B3409-F1E5-42AA-9CAF-1B30F8D91733}.Release.ActiveCfg = Release|Win32
		{D29B3409-F1E5-42AA-9CAF-1B30F8D91733}.Release.Build.0 = Release|Win32
		{D3538FB0-5A66-4FE4-BBBF-30691BFCF78C}.Debug.ActiveCfg = Debug|Win32
		{D3538FB0-5A66-4FE4-BBBF-30691BFCF78C}.Debug.Build.0 = Debug|Win32
		{D3538FB0-5A66-4FE4-BBBF-30691BFCF78C}.Release.ActiveCfg = Release|Win32
		{D3538FB0-5A66-4FE4-BBBF-30691BFCF78C}.Release.Build.0 = Release|Win32
		{3EB240C5-3F93-46D0-A8C2-B6E4FF89ECC5}.Debug.ActiveCfg = Debug|Win32
		{3EB240C5-3F93-46D0-A8C2-B6E4FF89ECC5}.Debug.Build.0 = Debug|Win32
		{3EB240C5-3F93-46D0-A8C2-B6E4FF89ECC5}.Release.ActiveCfg = Release|Win32
		{3EB240C5-3F93-46D0-A8C2-B6E4FF89ECC5}.Release.Build.0 = Release|Win32
		{ABD9416E-6C17-4641-9D9C-5CBACD5728AC}.Debug.ActiveCfg = Debug|Win32
		{ABD9416E-6C17-4641-9D9C-5CBACD5728AC}.Debug.Build.0 = Debug|Win32
		{ABD9416E-6C17-4641-9D9C-5CBACD5728AC}.Release.ActiveCfg = Release|Win32
		{ABD9416E-6C17-4641-9D9C-5CBACD5728AC}.Release.Build.0 = Release|Win32
		{F5EE606C-5D04-4CB2-93A7-51891D0EA286}.Debug.ActiveCfg = Debug|Win32
		{F5EE606C-5D04-4CB2-93A7-51891D0EA286}.Debug.Build.0 = Debug|Win32
		{F5EE606C-5D04-4CB2-93A7-51891D0EA286}.Release.ActiveCfg = Release|Win32
		{F5EE606C-5D04-4CB2-93A7-51891D0EA286}.Release.Build.0 = Release|Win32
		{772AC0A4-1B8B-4D03-B003-528E6ED4F9D2}.Debug.ActiveCfg = Debug|Win32
		{772AC0A4-1B8B-4D03-B003-528E6ED4F9D2}.Debug.Build.0 = Debug|Win32
		{772AC0A4-1B8B-4D03-B003-528E6ED4F9D2}.Release.ActiveCfg = Release|Win32
		{772AC0A4-1B8B-4D03-B003-528E6ED4F9D2}.Release.Build.0 = Release|Win32
		{9DCC4905-87A4-4CC1-BA86-60A33522E642}.Debug.ActiveCfg = Debug|Win32
		{9DCC4905-87A4-4CC1-BA86-60A33522E642}.Debug.Build.0 = Debug|Win32
		{9DCC4905-87A4-4CC1-BA86-60A33522E642}.Release.ActiveCfg = Release|Win32
		{9DCC4905-87A4-4CC1-BA86-60A33522E642}.Release.Build.0 = Release|Win32
		{CB28D46B-4B9F-4FEA-A5D4-CC346925017A}.Debug.ActiveCfg = Debug|Win32
		{CB28D46B-4B9F-4FEA-A5D4-CC346925017A}.Debug.Build.0 = Debug|Win32
		{CB28D46B-4B9F-4FEA-A5D4-CC346925017A}.Release.ActiveCfg = Release|Win32
		{CB28D46B-4B9F-4FEA-A5D4-CC346925017A}.Release.Build.0 = Release|Win32
		{AAF58CAE-B3AD-45F5-BDFE-7B861617E5DE}.Debug.ActiveCfg = Debug|Win32
		{AAF58CAE-B3AD-45F5-BDFE-7B861617E5DE}.Debug.Build.0 = Debug|Win32
		{AAF58CAE-B3AD-45F5-BDFE-7B861617E5DE}.Release.ActiveCfg = Release|Win32
		{AAF58CAE-B3AD-45F5-BDFE-7B861617E5DE}.Release.Build.0 = Release|Win32
		{1C4685B7-7B5A-42AB-BDFC-62BC70532A29}.Debug.ActiveCfg = Debug|Win32
		{1C4685B7-7B5A-42AB-BDFC-62BC70532A29}.Debug.Build.0 = Debug|Win32
		{1C4685B7-7B5A-42AB-BDFC-62BC70532A29}.Release.ActiveCfg = Release|Win32
		{1C4685B7-7B5A-42AB-BDFC-62BC70532A29}.Release.Build.0 = Release|Win32
		{CE4B5B3C-BC69-4202-9D5B-B47A33564826}.Debug.ActiveCfg = Debug|Win32
		{CE4B5B3C-BC69-4202-9D5B-B47A33564826}.Debug.Build.0 = Debug|Win32
		{CE4B5B3C-BC69-4202-9D5B-B47A33564826}.Release.ActiveCfg = Release|Win32
		{CE4B5B3C-BC69-4202-9D5B-B47A33564826}.Release.Build.0 = Release|Win32
		{05413E68-42EC-416F-B878-A375D78769F1}.Debug.ActiveCfg = Debug|Win32
		{05413E68-42EC-416F-B878-A375D78769F1}.Debug.Build.0 = Debug|Win32
		{05413E68-42EC-416F-B878-A375D78769F1}.Release.ActiveCfg = Release|Win32
		{05413E68-42EC-416F-B878-A375D78769F1}.Release.Build.0 = Release|Win32
		{2F78D693-5467-4E34-B209-895775B436DB}.Debug.ActiveCfg = Debug|Win32
		{2F78D693-5467-4E34-B209-895775B436DB}.Debug.Build.0 = Debug|Win32
		{2F78D693-5467-4E34-B209-895775B436DB}.Release.ActiveCfg = Release|Win32
		{2F78D693-5467-4E34-B209-895775B436DB}.Release.Build.0 = Release|Win32
		{5F02AFCB-5BB9-46EC-9465-03868EB7CB1D}.Debug.ActiveCfg = Debug|Win32
		{5F02AFCB-5BB9-46EC-9465-03868EB7CB1D}.Debug.Build.0 = Debug|Win32
		{5F02AFCB-5BB9-46EC-9465-03868EB7CB1D}.Release.ActiveCfg = Release|Win32
		{5F02AFCB-5BB9-46EC-9465-03868EB7CB1D}.Release.Build.0 = Release|Win32
		{2350A5AB-41B5-4321-A50B-F3B40BAF1E51}.Debug.ActiveCfg = Debug|Win32
		{2350A5AB-41B5-4321-A50B-F3B40BAF1E51}.Debug.Build.0 = Debug|Win32
		{2350A5AB-41B5-4321-A50B-F3B40BAF1E51}.Release.ActiveCfg = Release|Win32
		{2350A5AB-41B5-4321-A50B-F3B40BAF1E51}.Release.Build.0 = Release|Win32
		{CA44DED5-6A7D-445B-BD3E-C4E174E8618E}.Debug.ActiveCfg = Debug|Win32
		{CA44DED5-6A7D-445B-BD3E-C4E174E8618E}.Debug.Build.0 = Debug|Win32
		{CA44DED5-6A7D-445B-BD3E-C4E174E8618E}.Release.ActiveCfg = Release|Win32
		{CA44DED5-6A7D-445B-BD3E-C4E174E8618E}.Release.Build.0 = Release|Win32
		{A45ED4D3-A79A-408D-8CBB-42540F374E93}.Debug.ActiveCfg = Debug|Win32
		{A45ED4D3-A79A-408D-8CBB-42540F374E93}.Debug.Build.0 = Debug|Win32
		{A45ED4D3-A79A-408D-8CBB-42540F374E93}.Release.ActiveCfg = Release|Win32
		{A45ED4D3-A79A-408D-8CBB-42540F374E93}.Release.Build.0 = Release|Win32
		{0EDB5F96-B273-4884-84FD-CE101BCDA33F}.Debug.ActiveCfg = Debug|Win32
		{0EDB5F96-B273-4884-84FD-CE101BCDA33F}.Debug.Build.0 = Debug|Win32
		{0EDB5F96-B273-4884-84FD-CE101BCDA33F}.Release.ActiveCfg = Release|Win32
		{0EDB5F96-B273-4884-84FD-CE101BCDA33F}.Release.Build.0 = Release|Win32
		{5D1C8147-A65D-4463-BB6F-E6218C05FDF4}.Debug.ActiveCfg = Debug|Win32
		{5D1C8147-A65D-4463-BB6F-E6218C05FDF4}.Debug.Build.0 = Debug|Win32
		{5D1C8147-A65D-4463-BB6F-E6218C05FDF4}.Release.ActiveCfg = Release|Win32
		{5D1C8147-A65D-4463-BB6F-E6218C05FDF4}.Release.Build.0 = Release|Win32
		{659717CE-7A89-4FF4-9A71-150C7CEA2607}.Debug.ActiveCfg = Debug|Win32
		{659717CE-7A89-4FF4-9A71-150C7CEA2607}.Debug.Build.0 = Debug|Win32
		{659717CE-7A89-4FF4-9A71-150C7CEA2607}.Release.ActiveCfg = Release|Win32
		{659717CE-7A89-4FF4-9A71-150C7CEA2607}.Release.Build.0 = Release|Win32
		{AED91B29-4E4B-4CB1-BE63-9ECB7C779BE6}.Debug.ActiveCfg = Debug|Win32
		{AED91B29-4E4B-4CB1-BE63-9ECB7C779BE6}.Debug.Build.0 = Debug|Win32
		{AED91B29-4E4B-4CB1-BE63-9ECB7C779BE6}.Release.ActiveCfg = Release|Win32
		{AED91B29-4E4B-4CB1-BE63-9ECB7C779BE6}.Release.Build.0 = Release|Win32
		{5EE7623D-C058-4E3E-BBF7-A0A455F033C1}.Debug.ActiveCfg = Debug|Win32
		{5EE7623D-C058-4E3E-BBF7-A0A455F033C1}.Debug.Build.0 = Debug|Win32
		{5EE7623D-C058-4E3E-BBF7-A0A455F033C1}.Release.ActiveCfg = Release|Win32
		{5EE7623D-C058-4E3E-BBF7-A0A455F033C1}.Release.Build.0 = Release|Win32
		{339C15D3-2872-41CD-93CB-BF3A5F7617DE}.Debug.ActiveCfg = Debug|Win32
		{339C15D3-2872-41CD-93CB-BF3A5F7617DE}.Debug.Build.0 = Debug|Win32
		{339C15D3-2872-41CD-93CB-BF3A5F7617DE}.Release.ActiveCfg = Release|Win32
		{339C15D3-2872-41CD-93CB-BF3A5F7617DE}.Release.Build.0 = Release|Win32
		{C47080A4-9825-49EE-8638-5B94C2572879}.Debug.ActiveCfg = Debug|Win32
		{C47080A4-9825-49EE-8638-5B94C2572879}.Debug.Build.0 = Debug|Win32
		{C47080A4-9825-49EE-8638-5B94C2572879}.Release.ActiveCfg = Release|Win32
		{C47080A4-9825-49EE-8638-5B94C2572879}.Release.Build.0 = Release|Win32
		{4B21AE56-5DB6-4EFF-8159-9DB7CD8CE809}.Debug.ActiveCfg = Debug|Win32
		{4B21AE56-5DB6-4EFF-8159-9DB7CD8CE809}.Debug.Build.0 = Debug|Win32
		{4B21AE56-5DB6-4EFF-8159-9DB7CD8CE809}.Release.ActiveCfg = Release|Win32
		{4B21AE56-5DB6-4EFF-8159-9DB7CD8CE809}.Release.Build.0 = Release|Win32
		{03E012AE-812D-4BC3-BEE7-D863A15D5B93}.Debug.ActiveCfg = Debug|Win32
		{03E012AE-812D-4BC3-BEE7-D863A15D5B93}.Debug.Build.0 = Debug|Win32
		{03E012AE-812D-4BC3-BEE7-D863A15D5B93}.Release.ActiveCfg = Release|Win32
		{03E012AE-812D-4BC3-BEE7-D863A15D5B93}.Release.Build.0 = Release|Win32
		{1835B94D-C8BA-49BC-AD4C-70BB22765136}.Debug.ActiveCfg = Debug|Win32
		{1835B94D-C8BA-49BC-AD4C-70BB22765136}.Debug.Build.0 = Debug|Win32
		{1835B94D-C8BA-49BC-AD4C-70BB22765136}.Release.ActiveCfg = Release|Win32
		{1835B94D-C8BA-49BC-AD4C-70BB22765136}.Release.Build.0 = Release|Win32
		{E5F49556-3B86-46DC-B62C-93D73ABB12D2}.Debug.ActiveCfg = Debug|Win32
		{E5F49556-3B86-46DC-B62C-93D73ABB12D2}.Debug.Build.0 = Debug|Win32
		{E5F49556-3B86-46DC-B62C-93D73ABB12D2}.Release.ActiveCfg = Release|Win32
		{E5F49556-3B86-46DC-B62C-93D73ABB12D2}.Release.Build.0 = Release|Win32
		{065A7A6D-930B-46FB-BF7C-4EE24A05946F}.Debug.ActiveCfg = Debug|Win32
		{065A7A6D-930B-46FB-BF7C-4EE24A05946F}.Debug.Build.0 = Debug|Win32
		{065A7A6D-930B-46FB-BF7C-4EE24A05946F}.Release.ActiveCfg = Release|Win32
		{065A7A6D-930B-46FB-BF7C-4EE24A05946F}.Release.Build.0 = Release|Win32
		{150A82AA-3C31-4CAD-A2D9-9CC5BE282B4E}.Debug.ActiveCfg = Debug|Win32
		{150A82AA-3C31-4CAD-A2D9-9CC5BE282B4E}.Debug.Build.0 = Debug|Win32
		{150A82AA-3C31-4CAD-A2D9-9CC5BE282B4E}.Release.ActiveCfg = Release|Win32
		{150A82AA-3C31-4CAD-A2D9-9CC5BE282B4E}.Release.Build.0 = Release|Win32
		{0626C815-8097-4FA9-B7E3-CE0E992E8F67}.Debug.ActiveCfg = Debug|Win32
		{0626C815-8097-4FA9-B7E3-CE0E992E8F67}.Debug.Build.0 = Debug|Win32
		{0626C815-8097-4FA9-B7E3-CE0E992E8F67}.Release.ActiveCfg = Release|Win32
		{0626C815-8097-4FA9-B7E3-CE0E992E8F67}.Release.Build.0 = Release|Win32
		{29DEC74C-A907-465F-997A-8C752B18EB30}.Debug.ActiveCfg = Debug|Win32
		{29DEC74C-A907-465F-997A-8C752B18EB30}.Debug.Build.0 = Debug|Win32
		{29DEC74C-A907-465F-997A-8C752B18EB30}.Release.ActiveCfg = Release|Win32
		{29DEC74C-A907-465F-997A-8C752B18EB30}.Release.Build.0 = Release|Win32
		{63C5DED6-DAA5-4810-BDC9-D1AD54E0AFA2}.Debug.ActiveCfg = Debug|Win32
		{63C5DED6-DAA5-4810-BDC9-D1AD54E0AFA2}.Debug.Build.0 = Debug|Win32
		{63C5DED6-DAA5-4810-BDC9-D1AD54E0AFA2}.Release.ActiveCfg = Release|Win32
		{63C5DED6-DAA5-4810-BDC9-D1AD54E0AFA2}.Release.Build.0 = Release|Win32
		{81F562F4-4971-41C5-91FD-A3858200C6F2}.Debug.ActiveCfg = Debug|Win32
		{81F562F4-4971-41C5-91FD-A3858200C6F2}.Debug.Build.0 = Debug|Win32
		{81F562F4-4971-41C5-91FD-A3858200C6F2}.Release.ActiveCfg = Release|Win32
		{81F562F4-4971-41C5-91FD-A3858200C6F2}.Release.Build.0 = Release|Win32
		{01F40242-EA9C-4B33-82F4-C5A0B6DED697}.Debug.ActiveCfg = Debug|Win32
		{01F40242-EA9C-4B33-82F4-C5A0B6DED697}.Debug.Build.0 = Debug|Win32
		{01F40242-EA9C-4B33-82F4-C5A0B6DED697}.Release.ActiveCfg = Release|Win32
		{01F40242-EA9C-4B33-82F4-C5A0B6DED697}.Release.Build.0 = Release|Win32
		{CFACEF18-4667-4680-8E1C-97513AA842F2}.Debug.ActiveCfg = Debug|Win32
		{CFACEF18-4667-4680-8E1C-97513AA842F2}.Debug.Build.0 = Debug|Win32
		{CFACEF18-4667-4680-8E1C-97513AA842F2}.Release.ActiveCfg = Release|Win32
		{CFACEF18-4667-4680-8E1C-97513AA842F2}.Release.Build.0 = Release|Win32
		{0602B397-F886-411E-81F7-2DC04D8C6B4D}.Debug.ActiveCfg = Debug|Win32
		{0602B397-F886-411E-81F7-2DC04D8C6B4D}.Debug.Build.0 = Debug|Win32
		{0602B397-F886-411E-81F7-2DC04D8C6B4D}.Release.ActiveCfg = Release|Win32
		{0602B397-F886-411E-81F7-2DC04D8C6B4D}.Release.Build.0 = Release|Win32
		{CFBC60EE-CDB8-4571-B1E7-FC23F550720A}.Debug.ActiveCfg = Debug|Win32
		{CFBC60EE-CDB8-4571-B1E7-FC23F550720A}.Debug.Build.0 = Debug|Win32
		{CFBC60EE-CDB8-4571-B1E7-FC23F550720A}.Release.ActiveCfg = Release|Win32
		{CFBC60EE-CDB8-4571-B1E7-FC23F550720A}.Release.Build.0 = Release|Win32
		{38FA626A-7B1E-4EB9-BE40-A80A195F71B2}.Debug.ActiveCfg = Debug|Win32
		{38FA626A-7B1E-4EB9-BE40-A80A195F71B2}.Debug.Build.0 = Debug|Win32
		{38FA626A-7B1E-4EB9-BE40-A80A195F71B2}.Release.ActiveCfg = Release|Win32
		{38FA626A-7B1E-4EB9-BE40-A80A195F71B2}.Release.Build.0 = Release|Win32
		{1BA2DBF4-DF6D-4191-8885-EAB30468998B}.Debug.ActiveCfg = Debug|Win32
		{1BA2DBF4-DF6D-4191-8885-EAB30468998B}.Debug.Build.0 = Debug|Win32
		{1BA2DBF4-DF6D-4191-8885-EAB30468998B}.Release.ActiveCfg = Release|Win32
		{1BA2DBF4-DF6D-4191-8885-EAB30468998B}.Release.Build.0 = Release|Win32
		{AFCABB1D-5748-4337-835C-EE8926D17365}.Debug.ActiveCfg = Debug|Win32
		{AFCABB1D-5748-4337-835C-EE8926D17365}.Debug.Build.0 = Debug|Win32
		{AFCABB1D-5748-4337-835C-EE8926D17365}.Release.ActiveCfg = Release|Win32
		{AFCABB1D-5748-4337-835C-EE8926D17365}.Release.Build.0 = Release|Win32
	EndGlobalSection
	GlobalSection(ExtensibilityGlobals) = postSolution
	EndGlobalSection
	GlobalSection(ExtensibilityAddIns) = postSolution
	EndGlobalSection
EndGlobal
