Microsoft Visual Studio Solution File, Format Version 9.00
# Visual Studio 2005
Project("{8BC9CEB8-8B4A-11D0-8D11-00A0C91BC942}") = "alice", "alice.vcproj", "{0D8750CC-7CCC-4795-9369-48D59FA0A2F5}"
EndProject
Project("{8BC9CEB8-8B4A-11D0-8D11-00A0C91BC942}") = "alice_classic", "alice_classic.vcproj", "{C31DD0B9-ACEE-4F66-9CDE-DD92B0EB78E4}"
EndProject
Project("{8BC9CEB8-8B4A-11D0-8D11-00A0C91BC942}") = "burp", "burp.vcproj", "{EC51801D-9C3D-4D2E-A927-BF2BE82A4606}"
EndProject
Project("{8BC9CEB8-8B4A-11D0-8D11-00A0C91BC942}") = "burp_classic", "burp_classic.vcproj", "{D6D9D03A-D3F8-475D-BB18-3F3F125FF358}"
EndProject
Project("{8BC9CEB8-8B4A-11D0-8D11-00A0C91BC942}") = "common", "common.vcproj", "{9659FB94-F514-4A96-BDC6-F11F41F572E3}"
EndProject
Project("{8BC9CEB8-8B4A-11D0-8D11-00A0C91BC942}") = "common_classic", "common_classic.vcproj", "{F5746066-8613-4811-B27C-0ED70FF9F0FF}"
EndProject
Project("{8BC9CEB8-8B4A-11D0-8D11-00A0C91BC942}") = "dsql_server", "dsql_server.vcproj", "{2200CB02-7AED-423E-9484-9D149FD79B24}"
EndProject
Project("{8BC9CEB8-8B4A-11D0-8D11-00A0C91BC942}") = "dsql_server_classic", "dsql_server_classic.vcproj", "{488199DD-D9F3-41C8-AED6-8AFFFB294CFF}"
EndProject
Project("{8BC9CEB8-8B4A-11D0-8D11-00A0C91BC942}") = "engine", "engine.vcproj", "{F8798A49-9D20-451E-A7BD-FEB5237103B5}"
EndProject
Project("{8BC9CEB8-8B4A-11D0-8D11-00A0C91BC942}") = "engine_classic", "engine_classic.vcproj", "{E029E4E2-0C3F-4F7D-BC4C-D9C20F40EB4E}"
EndProject
Project("{8BC9CEB8-8B4A-11D0-8D11-00A0C91BC942}") = "engine_embed", "engine_embed.vcproj", "{74042D46-7104-47F1-B8BC-00E0E7BFF8AB}"
EndProject
Project("{8BC9CEB8-8B4A-11D0-8D11-00A0C91BC942}") = "fb_inet_server", "fb_inet_server.vcproj", "{664D4A04-36E0-48EF-8BCA-D5C331EFAA24}"
	ProjectSection(ProjectDependencies) = postProject
		{213C6F21-D83F-48C7-BBB5-B35AB1B706B1} = {213C6F21-D83F-48C7-BBB5-B35AB1B706B1}
		{EEB56039-A3EA-4167-A895-EDF96F4861A6} = {EEB56039-A3EA-4167-A895-EDF96F4861A6}
		{D6D9D03A-D3F8-475D-BB18-3F3F125FF358} = {D6D9D03A-D3F8-475D-BB18-3F3F125FF358}
		{F5746066-8613-4811-B27C-0ED70FF9F0FF} = {F5746066-8613-4811-B27C-0ED70FF9F0FF}
		{C31DD0B9-ACEE-4F66-9CDE-DD92B0EB78E4} = {C31DD0B9-ACEE-4F66-9CDE-DD92B0EB78E4}
		{E83187C1-AAC2-445D-B8B2-883EFC10C39A} = {E83187C1-AAC2-445D-B8B2-883EFC10C39A}
		{488199DD-D9F3-41C8-AED6-8AFFFB294CFF} = {488199DD-D9F3-41C8-AED6-8AFFFB294CFF}
		{E029E4E2-0C3F-4F7D-BC4C-D9C20F40EB4E} = {E029E4E2-0C3F-4F7D-BC4C-D9C20F40EB4E}
		{3C4993E4-946C-4029-97B8-1A111F32F4FC} = {3C4993E4-946C-4029-97B8-1A111F32F4FC}
	EndProjectSection
EndProject
Project("{8BC9CEB8-8B4A-11D0-8D11-00A0C91BC942}") = "fb_lock_print", "fb_lock_print.vcproj", "{E8397148-0E9C-449B-9F45-7FB377A08242}"
	ProjectSection(ProjectDependencies) = postProject
		{9659FB94-F514-4A96-BDC6-F11F41F572E3} = {9659FB94-F514-4A96-BDC6-F11F41F572E3}
	EndProjectSection
EndProject
Project("{8BC9CEB8-8B4A-11D0-8D11-00A0C91BC942}") = "fbclient", "fbclient.vcproj", "{492E7BDA-8948-408D-A43E-4C0A5B86AFB8}"
	ProjectSection(ProjectDependencies) = postProject
		{9659FB94-F514-4A96-BDC6-F11F41F572E3} = {9659FB94-F514-4A96-BDC6-F11F41F572E3}
	EndProjectSection
EndProject
Project("{8BC9CEB8-8B4A-11D0-8D11-00A0C91BC942}") = "fbembed", "fbembed.vcproj", "{97FEEEE5-4A9E-47DF-B04A-4E9C31A78ABA}"
	ProjectSection(ProjectDependencies) = postProject
		{EC51801D-9C3D-4D2E-A927-BF2BE82A4606} = {EC51801D-9C3D-4D2E-A927-BF2BE82A4606}
		{4BCC693D-1745-45ED-8302-E5E2F979549A} = {4BCC693D-1745-45ED-8302-E5E2F979549A}
		{74042D46-7104-47F1-B8BC-00E0E7BFF8AB} = {74042D46-7104-47F1-B8BC-00E0E7BFF8AB}
		{9659FB94-F514-4A96-BDC6-F11F41F572E3} = {9659FB94-F514-4A96-BDC6-F11F41F572E3}
		{E83187C1-AAC2-445D-B8B2-883EFC10C39A} = {E83187C1-AAC2-445D-B8B2-883EFC10C39A}
		{0D8750CC-7CCC-4795-9369-48D59FA0A2F5} = {0D8750CC-7CCC-4795-9369-48D59FA0A2F5}
		{BDB05FD1-4BB8-47D4-8B22-F0B7ABD684FD} = {BDB05FD1-4BB8-47D4-8B22-F0B7ABD684FD}
		{E9AAC310-465E-4384-8BCC-674F297F777C} = {E9AAC310-465E-4384-8BCC-674F297F777C}
		{2200CB02-7AED-423E-9484-9D149FD79B24} = {2200CB02-7AED-423E-9484-9D149FD79B24}
	EndProjectSection
EndProject
Project("{8BC9CEB8-8B4A-11D0-8D11-00A0C91BC942}") = "fbguard", "fbguard.vcproj", "{BBD83ED3-8A48-4FE8-B4B7-CB27730986B2}"
	ProjectSection(ProjectDependencies) = postProject
		{9659FB94-F514-4A96-BDC6-F11F41F572E3} = {9659FB94-F514-4A96-BDC6-F11F41F572E3}
		{492E7BDA-8948-408D-A43E-4C0A5B86AFB8} = {492E7BDA-8948-408D-A43E-4C0A5B86AFB8}
	EndProjectSection
EndProject
Project("{8BC9CEB8-8B4A-11D0-8D11-00A0C91BC942}") = "fbserver", "fbserver.vcproj", "{23EC8DAA-6718-4EF3-979F-89F611C7D504}"
	ProjectSection(ProjectDependencies) = postProject
		{2200CB02-7AED-423E-9484-9D149FD79B24} = {2200CB02-7AED-423E-9484-9D149FD79B24}
		{BDB05FD1-4BB8-47D4-8B22-F0B7ABD684FD} = {BDB05FD1-4BB8-47D4-8B22-F0B7ABD684FD}
		{0D8750CC-7CCC-4795-9369-48D59FA0A2F5} = {0D8750CC-7CCC-4795-9369-48D59FA0A2F5}
		{E83187C1-AAC2-445D-B8B2-883EFC10C39A} = {E83187C1-AAC2-445D-B8B2-883EFC10C39A}
		{EC51801D-9C3D-4D2E-A927-BF2BE82A4606} = {EC51801D-9C3D-4D2E-A927-BF2BE82A4606}
		{9659FB94-F514-4A96-BDC6-F11F41F572E3} = {9659FB94-F514-4A96-BDC6-F11F41F572E3}
		{F8798A49-9D20-451E-A7BD-FEB5237103B5} = {F8798A49-9D20-451E-A7BD-FEB5237103B5}
		{4BCC693D-1745-45ED-8302-E5E2F979549A} = {4BCC693D-1745-45ED-8302-E5E2F979549A}
		{E9AAC310-465E-4384-8BCC-674F297F777C} = {E9AAC310-465E-4384-8BCC-674F297F777C}
	EndProjectSection
EndProject
Project("{8BC9CEB8-8B4A-11D0-8D11-00A0C91BC942}") = "fbudf", "fbudf.vcproj", "{9DC67B05-AC3E-49A3-B0CC-83B25D757445}"
EndProject
Project("{8BC9CEB8-8B4A-11D0-8D11-00A0C91BC942}") = "gbak", "gbak.vcproj", "{B732F5D2-B5D9-417F-B156-D790F466CB8E}"
	ProjectSection(ProjectDependencies) = postProject
		{492E7BDA-8948-408D-A43E-4C0A5B86AFB8} = {492E7BDA-8948-408D-A43E-4C0A5B86AFB8}
		{9659FB94-F514-4A96-BDC6-F11F41F572E3} = {9659FB94-F514-4A96-BDC6-F11F41F572E3}
	EndProjectSection
EndProject
Project("{8BC9CEB8-8B4A-11D0-8D11-00A0C91BC942}") = "gdef", "gdef.vcproj", "{E8B8E0CE-F47F-48BD-8911-C11805A711D9}"
	ProjectSection(ProjectDependencies) = postProject
		{9659FB94-F514-4A96-BDC6-F11F41F572E3} = {9659FB94-F514-4A96-BDC6-F11F41F572E3}
		{492E7BDA-8948-408D-A43E-4C0A5B86AFB8} = {492E7BDA-8948-408D-A43E-4C0A5B86AFB8}
	EndProjectSection
EndProject
Project("{8BC9CEB8-8B4A-11D0-8D11-00A0C91BC942}") = "gds32", "gds32.vcproj", "{C02A54D0-689F-49B6-8F63-7C73EF42E312}"
	ProjectSection(ProjectDependencies) = postProject
		{492E7BDA-8948-408D-A43E-4C0A5B86AFB8} = {492E7BDA-8948-408D-A43E-4C0A5B86AFB8}
	EndProjectSection
EndProject
Project("{8BC9CEB8-8B4A-11D0-8D11-00A0C91BC942}") = "gfix", "gfix.vcproj", "{44A9E4AD-B932-4620-B319-431A153BB341}"
	ProjectSection(ProjectDependencies) = postProject
		{492E7BDA-8948-408D-A43E-4C0A5B86AFB8} = {492E7BDA-8948-408D-A43E-4C0A5B86AFB8}
		{9659FB94-F514-4A96-BDC6-F11F41F572E3} = {9659FB94-F514-4A96-BDC6-F11F41F572E3}
	EndProjectSection
EndProject
Project("{8BC9CEB8-8B4A-11D0-8D11-00A0C91BC942}") = "gpre", "gpre.vcproj", "{D84F0839-28A4-40B2-B5F4-F5E1E7F48FD0}"
	ProjectSection(ProjectDependencies) = postProject
		{9659FB94-F514-4A96-BDC6-F11F41F572E3} = {9659FB94-F514-4A96-BDC6-F11F41F572E3}
		{492E7BDA-8948-408D-A43E-4C0A5B86AFB8} = {492E7BDA-8948-408D-A43E-4C0A5B86AFB8}
	EndProjectSection
EndProject
Project("{8BC9CEB8-8B4A-11D0-8D11-00A0C91BC942}") = "gpre_boot", "gpre_boot.vcproj", "{8348521F-4480-4A1D-AE3B-E260235E9860}"
	ProjectSection(ProjectDependencies) = postProject
		{9659FB94-F514-4A96-BDC6-F11F41F572E3} = {9659FB94-F514-4A96-BDC6-F11F41F572E3}
	EndProjectSection
EndProject
Project("{8BC9CEB8-8B4A-11D0-8D11-00A0C91BC942}") = "gsec", "gsec.vcproj", "{7043CC61-DEC1-4C6B-86B9-0E911D1094C9}"
	ProjectSection(ProjectDependencies) = postProject
		{9659FB94-F514-4A96-BDC6-F11F41F572E3} = {9659FB94-F514-4A96-BDC6-F11F41F572E3}
		{492E7BDA-8948-408D-A43E-4C0A5B86AFB8} = {492E7BDA-8948-408D-A43E-4C0A5B86AFB8}
	EndProjectSection
EndProject
Project("{8BC9CEB8-8B4A-11D0-8D11-00A0C91BC942}") = "gsplit", "gsplit.vcproj", "{B7F22B7F-9937-4874-9A8B-6AB4E36E74A5}"
EndProject
Project("{8BC9CEB8-8B4A-11D0-8D11-00A0C91BC942}") = "gstat", "gstat.vcproj", "{7E862973-37C4-4202-80E7-490ED4DEDA14}"
	ProjectSection(ProjectDependencies) = postProject
		{492E7BDA-8948-408D-A43E-4C0A5B86AFB8} = {492E7BDA-8948-408D-A43E-4C0A5B86AFB8}
		{9659FB94-F514-4A96-BDC6-F11F41F572E3} = {9659FB94-F514-4A96-BDC6-F11F41F572E3}
	EndProjectSection
EndProject
Project("{8BC9CEB8-8B4A-11D0-8D11-00A0C91BC942}") = "ib_udf", "ib_udf.vcproj", "{0D4A2D8E-6461-479E-9399-F7929174E050}"
	ProjectSection(ProjectDependencies) = postProject
		{EABA0FF3-1C4D-4FAB-8418-31C9061F3F0D} = {EABA0FF3-1C4D-4FAB-8418-31C9061F3F0D}
	EndProjectSection
EndProject
Project("{8BC9CEB8-8B4A-11D0-8D11-00A0C91BC942}") = "ib_util", "ib_util.vcproj", "{EABA0FF3-1C4D-4FAB-8418-31C9061F3F0D}"
EndProject
Project("{8BC9CEB8-8B4A-11D0-8D11-00A0C91BC942}") = "instreg", "instreg.vcproj", "{19470DE6-1975-4F9B-B1BE-E87A83240B15}"
EndProject
Project("{8BC9CEB8-8B4A-11D0-8D11-00A0C91BC942}") = "instsvc", "instsvc.vcproj", "{72894398-38CA-47A6-95FE-9647DE2BE968}"
EndProject
Project("{8BC9CEB8-8B4A-11D0-8D11-00A0C91BC942}") = "intl", "intl.vcproj", "{DFFA2117-E6A8-4806-BB69-94DAC8F8F42A}"
EndProject
Project("{8BC9CEB8-8B4A-11D0-8D11-00A0C91BC942}") = "isql", "isql.vcproj", "{DEE75AD5-F165-40E1-80B2-400E27725D5C}"
	ProjectSection(ProjectDependencies) = postProject
		{492E7BDA-8948-408D-A43E-4C0A5B86AFB8} = {492E7BDA-8948-408D-A43E-4C0A5B86AFB8}
		{9659FB94-F514-4A96-BDC6-F11F41F572E3} = {9659FB94-F514-4A96-BDC6-F11F41F572E3}
	EndProjectSection
EndProject
Project("{8BC9CEB8-8B4A-11D0-8D11-00A0C91BC942}") = "lock", "lock.vcproj", "{BDB05FD1-4BB8-47D4-8B22-F0B7ABD684FD}"
EndProject
Project("{8BC9CEB8-8B4A-11D0-8D11-00A0C91BC942}") = "lock_classic", "lock_classic.vcproj", "{213C6F21-D83F-48C7-BBB5-B35AB1B706B1}"
EndProject
Project("{8BC9CEB8-8B4A-11D0-8D11-00A0C91BC942}") = "qli", "qli.vcproj", "{EBB8361B-49D5-43A5-8771-940DF3E308EF}"
	ProjectSection(ProjectDependencies) = postProject
		{9659FB94-F514-4A96-BDC6-F11F41F572E3} = {9659FB94-F514-4A96-BDC6-F11F41F572E3}
		{492E7BDA-8948-408D-A43E-4C0A5B86AFB8} = {492E7BDA-8948-408D-A43E-4C0A5B86AFB8}
	EndProjectSection
EndProject
Project("{8BC9CEB8-8B4A-11D0-8D11-00A0C91BC942}") = "remote", "remote.vcproj", "{4BCC693D-1745-45ED-8302-E5E2F979549A}"
EndProject
Project("{8BC9CEB8-8B4A-11D0-8D11-00A0C91BC942}") = "remote_classic", "remote_classic.vcproj", "{3C4993E4-946C-4029-97B8-1A111F32F4FC}"
EndProject
Project("{8BC9CEB8-8B4A-11D0-8D11-00A0C91BC942}") = "utilities", "utilities.vcproj", "{E9AAC310-465E-4384-8BCC-674F297F777C}"
EndProject
Project("{8BC9CEB8-8B4A-11D0-8D11-00A0C91BC942}") = "utilities_classic", "utilities_classic.vcproj", "{EEB56039-A3EA-4167-A895-EDF96F4861A6}"
EndProject
Project("{8BC9CEB8-8B4A-11D0-8D11-00A0C91BC942}") = "nbackup", "nbackup.vcproj", "{01A41DFA-8908-4576-A1F1-C8BC7EAE39A1}"
	ProjectSection(ProjectDependencies) = postProject
		{9659FB94-F514-4A96-BDC6-F11F41F572E3} = {9659FB94-F514-4A96-BDC6-F11F41F572E3}
		{492E7BDA-8948-408D-A43E-4C0A5B86AFB8} = {492E7BDA-8948-408D-A43E-4C0A5B86AFB8}
	EndProjectSection
EndProject
Project("{8BC9CEB8-8B4A-11D0-8D11-00A0C91BC942}") = "config", "config.vcproj", "{E83187C1-AAC2-445D-B8B2-883EFC10C39A}"
EndProject
Project("{8BC9CEB8-8B4A-11D0-8D11-00A0C91BC942}") = "instclient", "instclient.vcproj", "{C6A31374-178C-4680-A404-76BE24D0229B}"
EndProject
Project("{8BC9CEB8-8B4A-11D0-8D11-00A0C91BC942}") = "fb2control", "fb2control.vcproj", "{1AE02D41-7E24-43CC-9BCB-E4CEB6037D16}"
EndProject
Project("{8BC9CEB8-8B4A-11D0-8D11-00A0C91BC942}") = "utilities_embed", "utilities_embed.vcproj", "{936DA5D9-7B62-4352-95AF-FA3510F9CFDB}"
EndProject
Global
	GlobalSection(SolutionConfigurationPlatforms) = preSolution
		Debug|Win32 = Debug|Win32
		Release|Win32 = Release|Win32
	EndGlobalSection
	GlobalSection(ProjectConfigurationPlatforms) = postSolution
		{0D8750CC-7CCC-4795-9369-48D59FA0A2F5}.Debug|Win32.ActiveCfg = Debug|Win32
		{0D8750CC-7CCC-4795-9369-48D59FA0A2F5}.Debug|Win32.Build.0 = Debug|Win32
		{0D8750CC-7CCC-4795-9369-48D59FA0A2F5}.Release|Win32.ActiveCfg = Release|Win32
		{0D8750CC-7CCC-4795-9369-48D59FA0A2F5}.Release|Win32.Build.0 = Release|Win32
		{C31DD0B9-ACEE-4F66-9CDE-DD92B0EB78E4}.Debug|Win32.ActiveCfg = Debug|Win32
		{C31DD0B9-ACEE-4F66-9CDE-DD92B0EB78E4}.Debug|Win32.Build.0 = Debug|Win32
		{C31DD0B9-ACEE-4F66-9CDE-DD92B0EB78E4}.Release|Win32.ActiveCfg = Release|Win32
		{C31DD0B9-ACEE-4F66-9CDE-DD92B0EB78E4}.Release|Win32.Build.0 = Release|Win32
		{EC51801D-9C3D-4D2E-A927-BF2BE82A4606}.Debug|Win32.ActiveCfg = Debug|Win32
		{EC51801D-9C3D-4D2E-A927-BF2BE82A4606}.Debug|Win32.Build.0 = Debug|Win32
		{EC51801D-9C3D-4D2E-A927-BF2BE82A4606}.Release|Win32.ActiveCfg = Release|Win32
		{EC51801D-9C3D-4D2E-A927-BF2BE82A4606}.Release|Win32.Build.0 = Release|Win32
		{D6D9D03A-D3F8-475D-BB18-3F3F125FF358}.Debug|Win32.ActiveCfg = Debug|Win32
		{D6D9D03A-D3F8-475D-BB18-3F3F125FF358}.Debug|Win32.Build.0 = Debug|Win32
		{D6D9D03A-D3F8-475D-BB18-3F3F125FF358}.Release|Win32.ActiveCfg = Release|Win32
		{D6D9D03A-D3F8-475D-BB18-3F3F125FF358}.Release|Win32.Build.0 = Release|Win32
		{9659FB94-F514-4A96-BDC6-F11F41F572E3}.Debug|Win32.ActiveCfg = Debug|Win32
		{9659FB94-F514-4A96-BDC6-F11F41F572E3}.Debug|Win32.Build.0 = Debug|Win32
		{9659FB94-F514-4A96-BDC6-F11F41F572E3}.Release|Win32.ActiveCfg = Release|Win32
		{9659FB94-F514-4A96-BDC6-F11F41F572E3}.Release|Win32.Build.0 = Release|Win32
		{F5746066-8613-4811-B27C-0ED70FF9F0FF}.Debug|Win32.ActiveCfg = Debug|Win32
		{F5746066-8613-4811-B27C-0ED70FF9F0FF}.Debug|Win32.Build.0 = Debug|Win32
		{F5746066-8613-4811-B27C-0ED70FF9F0FF}.Release|Win32.ActiveCfg = Release|Win32
		{F5746066-8613-4811-B27C-0ED70FF9F0FF}.Release|Win32.Build.0 = Release|Win32
		{2200CB02-7AED-423E-9484-9D149FD79B24}.Debug|Win32.ActiveCfg = Debug|Win32
		{2200CB02-7AED-423E-9484-9D149FD79B24}.Debug|Win32.Build.0 = Debug|Win32
		{2200CB02-7AED-423E-9484-9D149FD79B24}.Release|Win32.ActiveCfg = Release|Win32
		{2200CB02-7AED-423E-9484-9D149FD79B24}.Release|Win32.Build.0 = Release|Win32
		{488199DD-D9F3-41C8-AED6-8AFFFB294CFF}.Debug|Win32.ActiveCfg = Debug|Win32
		{488199DD-D9F3-41C8-AED6-8AFFFB294CFF}.Debug|Win32.Build.0 = Debug|Win32
		{488199DD-D9F3-41C8-AED6-8AFFFB294CFF}.Release|Win32.ActiveCfg = Release|Win32
		{488199DD-D9F3-41C8-AED6-8AFFFB294CFF}.Release|Win32.Build.0 = Release|Win32
		{F8798A49-9D20-451E-A7BD-FEB5237103B5}.Debug|Win32.ActiveCfg = Debug|Win32
		{F8798A49-9D20-451E-A7BD-FEB5237103B5}.Debug|Win32.Build.0 = Debug|Win32
		{F8798A49-9D20-451E-A7BD-FEB5237103B5}.Release|Win32.ActiveCfg = Release|Win32
		{F8798A49-9D20-451E-A7BD-FEB5237103B5}.Release|Win32.Build.0 = Release|Win32
		{E029E4E2-0C3F-4F7D-BC4C-D9C20F40EB4E}.Debug|Win32.ActiveCfg = Debug|Win32
		{E029E4E2-0C3F-4F7D-BC4C-D9C20F40EB4E}.Debug|Win32.Build.0 = Debug|Win32
		{E029E4E2-0C3F-4F7D-BC4C-D9C20F40EB4E}.Release|Win32.ActiveCfg = Release|Win32
		{E029E4E2-0C3F-4F7D-BC4C-D9C20F40EB4E}.Release|Win32.Build.0 = Release|Win32
		{74042D46-7104-47F1-B8BC-00E0E7BFF8AB}.Debug|Win32.ActiveCfg = Debug|Win32
		{74042D46-7104-47F1-B8BC-00E0E7BFF8AB}.Debug|Win32.Build.0 = Debug|Win32
		{74042D46-7104-47F1-B8BC-00E0E7BFF8AB}.Release|Win32.ActiveCfg = Release|Win32
		{74042D46-7104-47F1-B8BC-00E0E7BFF8AB}.Release|Win32.Build.0 = Release|Win32
		{664D4A04-36E0-48EF-8BCA-D5C331EFAA24}.Debug|Win32.ActiveCfg = Debug|Win32
		{664D4A04-36E0-48EF-8BCA-D5C331EFAA24}.Debug|Win32.Build.0 = Debug|Win32
		{664D4A04-36E0-48EF-8BCA-D5C331EFAA24}.Release|Win32.ActiveCfg = Release|Win32
		{664D4A04-36E0-48EF-8BCA-D5C331EFAA24}.Release|Win32.Build.0 = Release|Win32
		{E8397148-0E9C-449B-9F45-7FB377A08242}.Debug|Win32.ActiveCfg = Debug|Win32
		{E8397148-0E9C-449B-9F45-7FB377A08242}.Debug|Win32.Build.0 = Debug|Win32
		{E8397148-0E9C-449B-9F45-7FB377A08242}.Release|Win32.ActiveCfg = Release|Win32
		{E8397148-0E9C-449B-9F45-7FB377A08242}.Release|Win32.Build.0 = Release|Win32
		{492E7BDA-8948-408D-A43E-4C0A5B86AFB8}.Debug|Win32.ActiveCfg = Debug|Win32
		{492E7BDA-8948-408D-A43E-4C0A5B86AFB8}.Debug|Win32.Build.0 = Debug|Win32
		{492E7BDA-8948-408D-A43E-4C0A5B86AFB8}.Release|Win32.ActiveCfg = Release|Win32
		{492E7BDA-8948-408D-A43E-4C0A5B86AFB8}.Release|Win32.Build.0 = Release|Win32
		{97FEEEE5-4A9E-47DF-B04A-4E9C31A78ABA}.Debug|Win32.ActiveCfg = Debug|Win32
		{97FEEEE5-4A9E-47DF-B04A-4E9C31A78ABA}.Debug|Win32.Build.0 = Debug|Win32
		{97FEEEE5-4A9E-47DF-B04A-4E9C31A78ABA}.Release|Win32.ActiveCfg = Release|Win32
		{97FEEEE5-4A9E-47DF-B04A-4E9C31A78ABA}.Release|Win32.Build.0 = Release|Win32
		{BBD83ED3-8A48-4FE8-B4B7-CB27730986B2}.Debug|Win32.ActiveCfg = Debug|Win32
		{BBD83ED3-8A48-4FE8-B4B7-CB27730986B2}.Debug|Win32.Build.0 = Debug|Win32
		{BBD83ED3-8A48-4FE8-B4B7-CB27730986B2}.Release|Win32.ActiveCfg = Release|Win32
		{BBD83ED3-8A48-4FE8-B4B7-CB27730986B2}.Release|Win32.Build.0 = Release|Win32
		{23EC8DAA-6718-4EF3-979F-89F611C7D504}.Debug|Win32.ActiveCfg = Debug|Win32
		{23EC8DAA-6718-4EF3-979F-89F611C7D504}.Debug|Win32.Build.0 = Debug|Win32
		{23EC8DAA-6718-4EF3-979F-89F611C7D504}.Release|Win32.ActiveCfg = Release|Win32
		{23EC8DAA-6718-4EF3-979F-89F611C7D504}.Release|Win32.Build.0 = Release|Win32
		{9DC67B05-AC3E-49A3-B0CC-83B25D757445}.Debug|Win32.ActiveCfg = Debug|Win32
		{9DC67B05-AC3E-49A3-B0CC-83B25D757445}.Debug|Win32.Build.0 = Debug|Win32
		{9DC67B05-AC3E-49A3-B0CC-83B25D757445}.Release|Win32.ActiveCfg = Release|Win32
		{9DC67B05-AC3E-49A3-B0CC-83B25D757445}.Release|Win32.Build.0 = Release|Win32
		{B732F5D2-B5D9-417F-B156-D790F466CB8E}.Debug|Win32.ActiveCfg = Debug|Win32
		{B732F5D2-B5D9-417F-B156-D790F466CB8E}.Debug|Win32.Build.0 = Debug|Win32
		{B732F5D2-B5D9-417F-B156-D790F466CB8E}.Release|Win32.ActiveCfg = Release|Win32
		{B732F5D2-B5D9-417F-B156-D790F466CB8E}.Release|Win32.Build.0 = Release|Win32
		{E8B8E0CE-F47F-48BD-8911-C11805A711D9}.Debug|Win32.ActiveCfg = Debug|Win32
		{E8B8E0CE-F47F-48BD-8911-C11805A711D9}.Debug|Win32.Build.0 = Debug|Win32
		{E8B8E0CE-F47F-48BD-8911-C11805A711D9}.Release|Win32.ActiveCfg = Release|Win32
		{E8B8E0CE-F47F-48BD-8911-C11805A711D9}.Release|Win32.Build.0 = Release|Win32
		{C02A54D0-689F-49B6-8F63-7C73EF42E312}.Debug|Win32.ActiveCfg = Debug|Win32
		{C02A54D0-689F-49B6-8F63-7C73EF42E312}.Debug|Win32.Build.0 = Debug|Win32
		{C02A54D0-689F-49B6-8F63-7C73EF42E312}.Release|Win32.ActiveCfg = Release|Win32
		{C02A54D0-689F-49B6-8F63-7C73EF42E312}.Release|Win32.Build.0 = Release|Win32
		{44A9E4AD-B932-4620-B319-431A153BB341}.Debug|Win32.ActiveCfg = Debug|Win32
		{44A9E4AD-B932-4620-B319-431A153BB341}.Debug|Win32.Build.0 = Debug|Win32
		{44A9E4AD-B932-4620-B319-431A153BB341}.Release|Win32.ActiveCfg = Release|Win32
		{44A9E4AD-B932-4620-B319-431A153BB341}.Release|Win32.Build.0 = Release|Win32
		{D84F0839-28A4-40B2-B5F4-F5E1E7F48FD0}.Debug|Win32.ActiveCfg = Debug|Win32
		{D84F0839-28A4-40B2-B5F4-F5E1E7F48FD0}.Debug|Win32.Build.0 = Debug|Win32
		{D84F0839-28A4-40B2-B5F4-F5E1E7F48FD0}.Release|Win32.ActiveCfg = Release|Win32
		{D84F0839-28A4-40B2-B5F4-F5E1E7F48FD0}.Release|Win32.Build.0 = Release|Win32
		{8348521F-4480-4A1D-AE3B-E260235E9860}.Debug|Win32.ActiveCfg = Debug|Win32
		{8348521F-4480-4A1D-AE3B-E260235E9860}.Debug|Win32.Build.0 = Debug|Win32
		{8348521F-4480-4A1D-AE3B-E260235E9860}.Release|Win32.ActiveCfg = Release|Win32
		{8348521F-4480-4A1D-AE3B-E260235E9860}.Release|Win32.Build.0 = Release|Win32
		{7043CC61-DEC1-4C6B-86B9-0E911D1094C9}.Debug|Win32.ActiveCfg = Debug|Win32
		{7043CC61-DEC1-4C6B-86B9-0E911D1094C9}.Debug|Win32.Build.0 = Debug|Win32
		{7043CC61-DEC1-4C6B-86B9-0E911D1094C9}.Release|Win32.ActiveCfg = Release|Win32
		{7043CC61-DEC1-4C6B-86B9-0E911D1094C9}.Release|Win32.Build.0 = Release|Win32
		{B7F22B7F-9937-4874-9A8B-6AB4E36E74A5}.Debug|Win32.ActiveCfg = Debug|Win32
		{B7F22B7F-9937-4874-9A8B-6AB4E36E74A5}.Debug|Win32.Build.0 = Debug|Win32
		{B7F22B7F-9937-4874-9A8B-6AB4E36E74A5}.Release|Win32.ActiveCfg = Release|Win32
		{B7F22B7F-9937-4874-9A8B-6AB4E36E74A5}.Release|Win32.Build.0 = Release|Win32
		{7E862973-37C4-4202-80E7-490ED4DEDA14}.Debug|Win32.ActiveCfg = Debug|Win32
		{7E862973-37C4-4202-80E7-490ED4DEDA14}.Debug|Win32.Build.0 = Debug|Win32
		{7E862973-37C4-4202-80E7-490ED4DEDA14}.Release|Win32.ActiveCfg = Release|Win32
		{7E862973-37C4-4202-80E7-490ED4DEDA14}.Release|Win32.Build.0 = Release|Win32
		{0D4A2D8E-6461-479E-9399-F7929174E050}.Debug|Win32.ActiveCfg = Debug|Win32
		{0D4A2D8E-6461-479E-9399-F7929174E050}.Debug|Win32.Build.0 = Debug|Win32
		{0D4A2D8E-6461-479E-9399-F7929174E050}.Release|Win32.ActiveCfg = Release|Win32
		{0D4A2D8E-6461-479E-9399-F7929174E050}.Release|Win32.Build.0 = Release|Win32
		{EABA0FF3-1C4D-4FAB-8418-31C9061F3F0D}.Debug|Win32.ActiveCfg = Debug|Win32
		{EABA0FF3-1C4D-4FAB-8418-31C9061F3F0D}.Debug|Win32.Build.0 = Debug|Win32
		{EABA0FF3-1C4D-4FAB-8418-31C9061F3F0D}.Release|Win32.ActiveCfg = Release|Win32
		{EABA0FF3-1C4D-4FAB-8418-31C9061F3F0D}.Release|Win32.Build.0 = Release|Win32
		{19470DE6-1975-4F9B-B1BE-E87A83240B15}.Debug|Win32.ActiveCfg = Debug|Win32
		{19470DE6-1975-4F9B-B1BE-E87A83240B15}.Debug|Win32.Build.0 = Debug|Win32
		{19470DE6-1975-4F9B-B1BE-E87A83240B15}.Release|Win32.ActiveCfg = Release|Win32
		{19470DE6-1975-4F9B-B1BE-E87A83240B15}.Release|Win32.Build.0 = Release|Win32
		{72894398-38CA-47A6-95FE-9647DE2BE968}.Debug|Win32.ActiveCfg = Debug|Win32
		{72894398-38CA-47A6-95FE-9647DE2BE968}.Debug|Win32.Build.0 = Debug|Win32
		{72894398-38CA-47A6-95FE-9647DE2BE968}.Release|Win32.ActiveCfg = Release|Win32
		{72894398-38CA-47A6-95FE-9647DE2BE968}.Release|Win32.Build.0 = Release|Win32
		{DFFA2117-E6A8-4806-BB69-94DAC8F8F42A}.Debug|Win32.ActiveCfg = Debug|Win32
		{DFFA2117-E6A8-4806-BB69-94DAC8F8F42A}.Debug|Win32.Build.0 = Debug|Win32
		{DFFA2117-E6A8-4806-BB69-94DAC8F8F42A}.Release|Win32.ActiveCfg = Release|Win32
		{DFFA2117-E6A8-4806-BB69-94DAC8F8F42A}.Release|Win32.Build.0 = Release|Win32
		{DEE75AD5-F165-40E1-80B2-400E27725D5C}.Debug|Win32.ActiveCfg = Debug|Win32
		{DEE75AD5-F165-40E1-80B2-400E27725D5C}.Debug|Win32.Build.0 = Debug|Win32
		{DEE75AD5-F165-40E1-80B2-400E27725D5C}.Release|Win32.ActiveCfg = Release|Win32
		{DEE75AD5-F165-40E1-80B2-400E27725D5C}.Release|Win32.Build.0 = Release|Win32
		{BDB05FD1-4BB8-47D4-8B22-F0B7ABD684FD}.Debug|Win32.ActiveCfg = Debug|Win32
		{BDB05FD1-4BB8-47D4-8B22-F0B7ABD684FD}.Debug|Win32.Build.0 = Debug|Win32
		{BDB05FD1-4BB8-47D4-8B22-F0B7ABD684FD}.Release|Win32.ActiveCfg = Release|Win32
		{BDB05FD1-4BB8-47D4-8B22-F0B7ABD684FD}.Release|Win32.Build.0 = Release|Win32
		{213C6F21-D83F-48C7-BBB5-B35AB1B706B1}.Debug|Win32.ActiveCfg = Debug|Win32
		{213C6F21-D83F-48C7-BBB5-B35AB1B706B1}.Debug|Win32.Build.0 = Debug|Win32
		{213C6F21-D83F-48C7-BBB5-B35AB1B706B1}.Release|Win32.ActiveCfg = Release|Win32
		{213C6F21-D83F-48C7-BBB5-B35AB1B706B1}.Release|Win32.Build.0 = Release|Win32
		{EBB8361B-49D5-43A5-8771-940DF3E308EF}.Debug|Win32.ActiveCfg = Debug|Win32
		{EBB8361B-49D5-43A5-8771-940DF3E308EF}.Debug|Win32.Build.0 = Debug|Win32
		{EBB8361B-49D5-43A5-8771-940DF3E308EF}.Release|Win32.ActiveCfg = Release|Win32
		{EBB8361B-49D5-43A5-8771-940DF3E308EF}.Release|Win32.Build.0 = Release|Win32
		{4BCC693D-1745-45ED-8302-E5E2F979549A}.Debug|Win32.ActiveCfg = Debug|Win32
		{4BCC693D-1745-45ED-8302-E5E2F979549A}.Debug|Win32.Build.0 = Debug|Win32
		{4BCC693D-1745-45ED-8302-E5E2F979549A}.Release|Win32.ActiveCfg = Release|Win32
		{4BCC693D-1745-45ED-8302-E5E2F979549A}.Release|Win32.Build.0 = Release|Win32
		{3C4993E4-946C-4029-97B8-1A111F32F4FC}.Debug|Win32.ActiveCfg = Debug|Win32
		{3C4993E4-946C-4029-97B8-1A111F32F4FC}.Debug|Win32.Build.0 = Debug|Win32
		{3C4993E4-946C-4029-97B8-1A111F32F4FC}.Release|Win32.ActiveCfg = Release|Win32
		{3C4993E4-946C-4029-97B8-1A111F32F4FC}.Release|Win32.Build.0 = Release|Win32
		{E9AAC310-465E-4384-8BCC-674F297F777C}.Debug|Win32.ActiveCfg = Debug|Win32
		{E9AAC310-465E-4384-8BCC-674F297F777C}.Debug|Win32.Build.0 = Debug|Win32
		{E9AAC310-465E-4384-8BCC-674F297F777C}.Release|Win32.ActiveCfg = Release|Win32
		{E9AAC310-465E-4384-8BCC-674F297F777C}.Release|Win32.Build.0 = Release|Win32
		{EEB56039-A3EA-4167-A895-EDF96F4861A6}.Debug|Win32.ActiveCfg = Debug|Win32
		{EEB56039-A3EA-4167-A895-EDF96F4861A6}.Debug|Win32.Build.0 = Debug|Win32
		{EEB56039-A3EA-4167-A895-EDF96F4861A6}.Release|Win32.ActiveCfg = Release|Win32
		{EEB56039-A3EA-4167-A895-EDF96F4861A6}.Release|Win32.Build.0 = Release|Win32
		{01A41DFA-8908-4576-A1F1-C8BC7EAE39A1}.Debug|Win32.ActiveCfg = Debug|Win32
		{01A41DFA-8908-4576-A1F1-C8BC7EAE39A1}.Debug|Win32.Build.0 = Debug|Win32
		{01A41DFA-8908-4576-A1F1-C8BC7EAE39A1}.Release|Win32.ActiveCfg = Release|Win32
		{01A41DFA-8908-4576-A1F1-C8BC7EAE39A1}.Release|Win32.Build.0 = Release|Win32
		{E83187C1-AAC2-445D-B8B2-883EFC10C39A}.Debug|Win32.ActiveCfg = Debug|Win32
		{E83187C1-AAC2-445D-B8B2-883EFC10C39A}.Debug|Win32.Build.0 = Debug|Win32
		{E83187C1-AAC2-445D-B8B2-883EFC10C39A}.Release|Win32.ActiveCfg = Release|Win32
		{E83187C1-AAC2-445D-B8B2-883EFC10C39A}.Release|Win32.Build.0 = Release|Win32
		{C6A31374-178C-4680-A404-76BE24D0229B}.Debug|Win32.ActiveCfg = Debug|Win32
		{C6A31374-178C-4680-A404-76BE24D0229B}.Debug|Win32.Build.0 = Debug|Win32
		{C6A31374-178C-4680-A404-76BE24D0229B}.Release|Win32.ActiveCfg = Release|Win32
		{C6A31374-178C-4680-A404-76BE24D0229B}.Release|Win32.Build.0 = Release|Win32
		{1AE02D41-7E24-43CC-9BCB-E4CEB6037D16}.Debug|Win32.ActiveCfg = Debug|Win32
		{1AE02D41-7E24-43CC-9BCB-E4CEB6037D16}.Debug|Win32.Build.0 = Debug|Win32
		{1AE02D41-7E24-43CC-9BCB-E4CEB6037D16}.Release|Win32.ActiveCfg = Release|Win32
		{1AE02D41-7E24-43CC-9BCB-E4CEB6037D16}.Release|Win32.Build.0 = Release|Win32
		{936DA5D9-7B62-4352-95AF-FA3510F9CFDB}.Debug|Win32.ActiveCfg = Debug|Win32
		{936DA5D9-7B62-4352-95AF-FA3510F9CFDB}.Debug|Win32.Build.0 = Debug|Win32
		{936DA5D9-7B62-4352-95AF-FA3510F9CFDB}.Release|Win32.ActiveCfg = Release|Win32
		{936DA5D9-7B62-4352-95AF-FA3510F9CFDB}.Release|Win32.Build.0 = Release|Win32
	EndGlobalSection
	GlobalSection(SolutionProperties) = preSolution
		HideSolutionNode = FALSE
	EndGlobalSection
EndGlobal
