Microsoft Visual Studio Solution File, Format Version 9.00
# Visual Studio 2005
Project("{8BC9CEB8-8B4A-11D0-8D11-00A0C91BC942}") = "empbuild", "empbuild.vcproj", "{FC2859B9-56DB-40B4-86C4-2DE31ECE9144}"
EndProject
Project("{8BC9CEB8-8B4A-11D0-8D11-00A0C91BC942}") = "intlbuild", "intlbuild.vcproj", "{702EE0DE-F073-4F6E-AEB9-76002F72276E}"
EndProject
Global
	GlobalSection(SolutionConfigurationPlatforms) = preSolution
		Debug|Win32 = Debug|Win32
		Release|Win32 = Release|Win32
	EndGlobalSection
	GlobalSection(ProjectConfigurationPlatforms) = postSolution
		{FC2859B9-56DB-40B4-86C4-2DE31ECE9144}.Debug|Win32.ActiveCfg = Debug|Win32
		{FC2859B9-56DB-40B4-86C4-2DE31ECE9144}.Debug|Win32.Build.0 = Debug|Win32
		{FC2859B9-56DB-40B4-86C4-2DE31ECE9144}.Release|Win32.ActiveCfg = Release|Win32
		{FC2859B9-56DB-40B4-86C4-2DE31ECE9144}.Release|Win32.Build.0 = Release|Win32
		{702EE0DE-F073-4F6E-AEB9-76002F72276E}.Debug|Win32.ActiveCfg = Debug|Win32
		{702EE0DE-F073-4F6E-AEB9-76002F72276E}.Release|Win32.ActiveCfg = Release|Win32
	EndGlobalSection
	GlobalSection(SolutionProperties) = preSolution
		HideSolutionNode = FALSE
	EndGlobalSection
EndGlobal
